PODS:
  - CocoaAsyncSocket (7.4.3):
    - CocoaAsyncSocket/All (= 7.4.3)
  - CocoaAsyncSocket/All (7.4.3):
    - CocoaAsyncSocket/GCD
    - CocoaAsyncSocket/RunLoop
  - CocoaAsyncSocket/GCD (7.4.3)
  - CocoaAsyncSocket/RunLoop (7.4.3)
  - libextobjc (0.6):
    - libextobjc/EXTADT (= 0.6)
    - libextobjc/EXTConcreteProtocol (= 0.6)
    - libextobjc/EXTKeyPathCoding (= 0.6)
    - libextobjc/EXTNil (= 0.6)
    - libextobjc/EXTSafeCategory (= 0.6)
    - libextobjc/EXTScope (= 0.6)
    - libextobjc/EXTSelectorChecking (= 0.6)
    - libextobjc/EXTSynthesize (= 0.6)
    - "libextobjc/NSInvocation+EXT (= 0.6)"
    - "libextobjc/NSMethodSignature+EXT (= 0.6)"
    - libextobjc/RuntimeExtensions (= 0.6)
    - libextobjc/UmbrellaHeader (= 0.6)
  - libextobjc/EXTADT (0.6):
    - libextobjc/RuntimeExtensions
  - libextobjc/EXTConcreteProtocol (0.6):
    - libextobjc/RuntimeExtensions
  - libextobjc/EXTKeyPathCoding (0.6):
    - libextobjc/RuntimeExtensions
  - libextobjc/EXTNil (0.6):
    - libextobjc/RuntimeExtensions
  - libextobjc/EXTSafeCategory (0.6):
    - libextobjc/RuntimeExtensions
  - libextobjc/EXTScope (0.6):
    - libextobjc/RuntimeExtensions
  - libextobjc/EXTSelectorChecking (0.6):
    - libextobjc/RuntimeExtensions
  - libextobjc/EXTSynthesize (0.6):
    - libextobjc/RuntimeExtensions
  - "libextobjc/NSInvocation+EXT (0.6)":
    - libextobjc/RuntimeExtensions
  - "libextobjc/NSMethodSignature+EXT (0.6)":
    - libextobjc/RuntimeExtensions
  - libextobjc/RuntimeExtensions (0.6)
  - libextobjc/UmbrellaHeader (0.6)
  - Masonry (0.6.3)
  - QTEventBus/AppModule (0.4.1):
    - QTEventBus/Core
  - QTEventBus/Core (0.4.1)
  - RHSocketKit/CodecExt (2.3.7):
    - RHSocketKit/Core
  - RHSocketKit/Core (2.3.7):
    - CocoaAsyncSocket

DEPENDENCIES:
  - CocoaAsyncSocket (~> 7.4.3)
  - libextobjc (~> 0.6)
  - Masonry (= 0.6.3)
  - QTEventBus/AppModule (~> 0.4.1)
  - RHSocketKit/CodecExt (from `../RHSocketKit.podspec`)

SPEC REPOS:
  trunk:
    - CocoaAsyncSocket
    - libextobjc
    - Masonry
    - QTEventBus

EXTERNAL SOURCES:
  RHSocketKit:
    :path: "../RHSocketKit.podspec"

SPEC CHECKSUMS:
  CocoaAsyncSocket: a18c75dca4b08723628a0bacca6e94803d90be91
  libextobjc: aed8b7d2b07f511c1a7ecaacb33ea03e327c69b7
  Masonry: ff105a956abcd19a618b2028b121cb638d7a8e2f
  QTEventBus: ea42577d40303f11fb2392e1383fb5d4a7335609
  RHSocketKit: 0e804f9a12f1b1d44f775f43dc136b12fc6c4ac2

PODFILE CHECKSUM: 0ba1130e82b30bce45d4747c7aad6293be7a87c9

COCOAPODS: 1.11.3
