// !$*UTF8*$!
{
	archiveVersion = 1;
	classes = {
	};
	objectVersion = 50;
	objects = {

/* Begin PBXBuildFile section */
		4F2D6EF203B0D437E671AE20 /* libPods-Pipeline.a in Frameworks */ = {isa = PBXBuildFile; fileRef = 2CCC9AE2B3DCD22A1321C5A9 /* libPods-Pipeline.a */; };
		8313CDFC233FAF7D0036A3A2 /* RHReceivePacketCache.m in Sources */ = {isa = PBXBuildFile; fileRef = 8313CDFB233FAF7D0036A3A2 /* RHReceivePacketCache.m */; };
		8313CDFF233FAF8E0036A3A2 /* RHSendPacketCache.m in Sources */ = {isa = PBXBuildFile; fileRef = 8313CDFE233FAF8E0036A3A2 /* RHSendPacketCache.m */; };
		8363235523252EDC0010DF86 /* AppDelegate.m in Sources */ = {isa = PBXBuildFile; fileRef = 8363235423252EDC0010DF86 /* AppDelegate.m */; };
		8363235823252EDC0010DF86 /* ViewController.m in Sources */ = {isa = PBXBuildFile; fileRef = 8363235723252EDC0010DF86 /* ViewController.m */; };
		8363235B23252EDC0010DF86 /* Main.storyboard in Resources */ = {isa = PBXBuildFile; fileRef = 8363235923252EDC0010DF86 /* Main.storyboard */; };
		8363235D23252EDD0010DF86 /* Assets.xcassets in Resources */ = {isa = PBXBuildFile; fileRef = 8363235C23252EDD0010DF86 /* Assets.xcassets */; };
		8363236023252EDD0010DF86 /* LaunchScreen.storyboard in Resources */ = {isa = PBXBuildFile; fileRef = 8363235E23252EDD0010DF86 /* LaunchScreen.storyboard */; };
		8363236323252EDD0010DF86 /* main.m in Sources */ = {isa = PBXBuildFile; fileRef = 8363236223252EDD0010DF86 /* main.m */; };
		8363236C232546460010DF86 /* RHTcpServer.m in Sources */ = {isa = PBXBuildFile; fileRef = 8363236B232546460010DF86 /* RHTcpServer.m */; };
		83632372232689EC0010DF86 /* RHTabBarViewController.m in Sources */ = {isa = PBXBuildFile; fileRef = 83632371232689EC0010DF86 /* RHTabBarViewController.m */; };
		8363237523268BCB0010DF86 /* RHHomeViewController.m in Sources */ = {isa = PBXBuildFile; fileRef = 8363237423268BCB0010DF86 /* RHHomeViewController.m */; };
		8363237823268BDF0010DF86 /* RHAboutViewController.m in Sources */ = {isa = PBXBuildFile; fileRef = 8363237723268BDF0010DF86 /* RHAboutViewController.m */; };
		836323892327A1120010DF86 /* RHClientViewController.m in Sources */ = {isa = PBXBuildFile; fileRef = 836323882327A1120010DF86 /* RHClientViewController.m */; };
		83DD64BE2335FFAD00DA03C7 /* RHSocketHttpDecoder.m in Sources */ = {isa = PBXBuildFile; fileRef = 83DD64B92335FFAD00DA03C7 /* RHSocketHttpDecoder.m */; };
		83DD64BF2335FFAD00DA03C7 /* RHSocketHttpEncoder.m in Sources */ = {isa = PBXBuildFile; fileRef = 83DD64BA2335FFAD00DA03C7 /* RHSocketHttpEncoder.m */; };
		83DD64C02335FFAD00DA03C7 /* RHSocketHttpRequest.m in Sources */ = {isa = PBXBuildFile; fileRef = 83DD64BB2335FFAD00DA03C7 /* RHSocketHttpRequest.m */; };
		83DD64C12335FFAD00DA03C7 /* RHSocketHttpResponse.m in Sources */ = {isa = PBXBuildFile; fileRef = 83DD64BC2335FFAD00DA03C7 /* RHSocketHttpResponse.m */; };
		83DD64CC2336069300DA03C7 /* custom0330.jpg in Resources */ = {isa = PBXBuildFile; fileRef = 83DD64C52336069300DA03C7 /* custom0330.jpg */; };
		83DD64CD2336069300DA03C7 /* RHSocketCustom0330Encoder.m in Sources */ = {isa = PBXBuildFile; fileRef = 83DD64C62336069300DA03C7 /* RHSocketCustom0330Encoder.m */; };
		83DD64CE2336069300DA03C7 /* RHSocketCustomRequest.m in Sources */ = {isa = PBXBuildFile; fileRef = 83DD64C72336069300DA03C7 /* RHSocketCustomRequest.m */; };
		83DD64CF2336069300DA03C7 /* RHSocketCustomResponse.m in Sources */ = {isa = PBXBuildFile; fileRef = 83DD64C82336069300DA03C7 /* RHSocketCustomResponse.m */; };
		83DD64D02336069300DA03C7 /* RHSocketCustom0330Decoder.m in Sources */ = {isa = PBXBuildFile; fileRef = 83DD64C92336069300DA03C7 /* RHSocketCustom0330Decoder.m */; };
/* End PBXBuildFile section */

/* Begin PBXFileReference section */
		2CCC9AE2B3DCD22A1321C5A9 /* libPods-Pipeline.a */ = {isa = PBXFileReference; explicitFileType = archive.ar; includeInIndex = 0; path = "libPods-Pipeline.a"; sourceTree = BUILT_PRODUCTS_DIR; };
		2EA2BB68ED737EA9D9587CCD /* Pods-Pipeline.release.xcconfig */ = {isa = PBXFileReference; includeInIndex = 1; lastKnownFileType = text.xcconfig; name = "Pods-Pipeline.release.xcconfig"; path = "Pods/Target Support Files/Pods-Pipeline/Pods-Pipeline.release.xcconfig"; sourceTree = "<group>"; };
		8313CDFA233FAF7D0036A3A2 /* RHReceivePacketCache.h */ = {isa = PBXFileReference; lastKnownFileType = sourcecode.c.h; path = RHReceivePacketCache.h; sourceTree = "<group>"; };
		8313CDFB233FAF7D0036A3A2 /* RHReceivePacketCache.m */ = {isa = PBXFileReference; lastKnownFileType = sourcecode.c.objc; path = RHReceivePacketCache.m; sourceTree = "<group>"; };
		8313CDFD233FAF8E0036A3A2 /* RHSendPacketCache.h */ = {isa = PBXFileReference; lastKnownFileType = sourcecode.c.h; path = RHSendPacketCache.h; sourceTree = "<group>"; };
		8313CDFE233FAF8E0036A3A2 /* RHSendPacketCache.m */ = {isa = PBXFileReference; lastKnownFileType = sourcecode.c.objc; path = RHSendPacketCache.m; sourceTree = "<group>"; };
		8363235023252EDC0010DF86 /* Pipeline.app */ = {isa = PBXFileReference; explicitFileType = wrapper.application; includeInIndex = 0; path = Pipeline.app; sourceTree = BUILT_PRODUCTS_DIR; };
		8363235323252EDC0010DF86 /* AppDelegate.h */ = {isa = PBXFileReference; lastKnownFileType = sourcecode.c.h; path = AppDelegate.h; sourceTree = "<group>"; };
		8363235423252EDC0010DF86 /* AppDelegate.m */ = {isa = PBXFileReference; lastKnownFileType = sourcecode.c.objc; path = AppDelegate.m; sourceTree = "<group>"; };
		8363235623252EDC0010DF86 /* ViewController.h */ = {isa = PBXFileReference; lastKnownFileType = sourcecode.c.h; path = ViewController.h; sourceTree = "<group>"; };
		8363235723252EDC0010DF86 /* ViewController.m */ = {isa = PBXFileReference; lastKnownFileType = sourcecode.c.objc; path = ViewController.m; sourceTree = "<group>"; };
		8363235A23252EDC0010DF86 /* Base */ = {isa = PBXFileReference; lastKnownFileType = file.storyboard; name = Base; path = Base.lproj/Main.storyboard; sourceTree = "<group>"; };
		8363235C23252EDD0010DF86 /* Assets.xcassets */ = {isa = PBXFileReference; lastKnownFileType = folder.assetcatalog; path = Assets.xcassets; sourceTree = "<group>"; };
		8363235F23252EDD0010DF86 /* Base */ = {isa = PBXFileReference; lastKnownFileType = file.storyboard; name = Base; path = Base.lproj/LaunchScreen.storyboard; sourceTree = "<group>"; };
		8363236123252EDD0010DF86 /* Info.plist */ = {isa = PBXFileReference; lastKnownFileType = text.plist.xml; path = Info.plist; sourceTree = "<group>"; };
		8363236223252EDD0010DF86 /* main.m */ = {isa = PBXFileReference; lastKnownFileType = sourcecode.c.objc; path = main.m; sourceTree = "<group>"; };
		8363236A232546460010DF86 /* RHTcpServer.h */ = {isa = PBXFileReference; lastKnownFileType = sourcecode.c.h; path = RHTcpServer.h; sourceTree = "<group>"; };
		8363236B232546460010DF86 /* RHTcpServer.m */ = {isa = PBXFileReference; lastKnownFileType = sourcecode.c.objc; path = RHTcpServer.m; sourceTree = "<group>"; };
		83632370232689EC0010DF86 /* RHTabBarViewController.h */ = {isa = PBXFileReference; lastKnownFileType = sourcecode.c.h; path = RHTabBarViewController.h; sourceTree = "<group>"; };
		83632371232689EC0010DF86 /* RHTabBarViewController.m */ = {isa = PBXFileReference; lastKnownFileType = sourcecode.c.objc; path = RHTabBarViewController.m; sourceTree = "<group>"; };
		8363237323268BCB0010DF86 /* RHHomeViewController.h */ = {isa = PBXFileReference; lastKnownFileType = sourcecode.c.h; path = RHHomeViewController.h; sourceTree = "<group>"; };
		8363237423268BCB0010DF86 /* RHHomeViewController.m */ = {isa = PBXFileReference; lastKnownFileType = sourcecode.c.objc; path = RHHomeViewController.m; sourceTree = "<group>"; };
		8363237623268BDF0010DF86 /* RHAboutViewController.h */ = {isa = PBXFileReference; lastKnownFileType = sourcecode.c.h; path = RHAboutViewController.h; sourceTree = "<group>"; };
		8363237723268BDF0010DF86 /* RHAboutViewController.m */ = {isa = PBXFileReference; lastKnownFileType = sourcecode.c.objc; path = RHAboutViewController.m; sourceTree = "<group>"; };
		8363237E232798030010DF86 /* PrefixHeader.pch */ = {isa = PBXFileReference; lastKnownFileType = sourcecode.c.h; path = PrefixHeader.pch; sourceTree = "<group>"; };
		836323872327A1120010DF86 /* RHClientViewController.h */ = {isa = PBXFileReference; lastKnownFileType = sourcecode.c.h; path = RHClientViewController.h; sourceTree = "<group>"; };
		836323882327A1120010DF86 /* RHClientViewController.m */ = {isa = PBXFileReference; lastKnownFileType = sourcecode.c.objc; path = RHClientViewController.m; sourceTree = "<group>"; };
		83DD64B62335FFAD00DA03C7 /* RHSocketHttpRequest.h */ = {isa = PBXFileReference; fileEncoding = 4; lastKnownFileType = sourcecode.c.h; path = RHSocketHttpRequest.h; sourceTree = "<group>"; };
		83DD64B72335FFAD00DA03C7 /* RHSocketHttpEncoder.h */ = {isa = PBXFileReference; fileEncoding = 4; lastKnownFileType = sourcecode.c.h; path = RHSocketHttpEncoder.h; sourceTree = "<group>"; };
		83DD64B82335FFAD00DA03C7 /* RHSocketHttpResponse.h */ = {isa = PBXFileReference; fileEncoding = 4; lastKnownFileType = sourcecode.c.h; path = RHSocketHttpResponse.h; sourceTree = "<group>"; };
		83DD64B92335FFAD00DA03C7 /* RHSocketHttpDecoder.m */ = {isa = PBXFileReference; fileEncoding = 4; lastKnownFileType = sourcecode.c.objc; path = RHSocketHttpDecoder.m; sourceTree = "<group>"; };
		83DD64BA2335FFAD00DA03C7 /* RHSocketHttpEncoder.m */ = {isa = PBXFileReference; fileEncoding = 4; lastKnownFileType = sourcecode.c.objc; path = RHSocketHttpEncoder.m; sourceTree = "<group>"; };
		83DD64BB2335FFAD00DA03C7 /* RHSocketHttpRequest.m */ = {isa = PBXFileReference; fileEncoding = 4; lastKnownFileType = sourcecode.c.objc; path = RHSocketHttpRequest.m; sourceTree = "<group>"; };
		83DD64BC2335FFAD00DA03C7 /* RHSocketHttpResponse.m */ = {isa = PBXFileReference; fileEncoding = 4; lastKnownFileType = sourcecode.c.objc; path = RHSocketHttpResponse.m; sourceTree = "<group>"; };
		83DD64BD2335FFAD00DA03C7 /* RHSocketHttpDecoder.h */ = {isa = PBXFileReference; fileEncoding = 4; lastKnownFileType = sourcecode.c.h; path = RHSocketHttpDecoder.h; sourceTree = "<group>"; };
		83DD64C32336069300DA03C7 /* RHSocketCustomResponse.h */ = {isa = PBXFileReference; fileEncoding = 4; lastKnownFileType = sourcecode.c.h; path = RHSocketCustomResponse.h; sourceTree = "<group>"; };
		83DD64C42336069300DA03C7 /* RHSocketCustom0330Decoder.h */ = {isa = PBXFileReference; fileEncoding = 4; lastKnownFileType = sourcecode.c.h; path = RHSocketCustom0330Decoder.h; sourceTree = "<group>"; };
		83DD64C52336069300DA03C7 /* custom0330.jpg */ = {isa = PBXFileReference; lastKnownFileType = image.jpeg; path = custom0330.jpg; sourceTree = "<group>"; };
		83DD64C62336069300DA03C7 /* RHSocketCustom0330Encoder.m */ = {isa = PBXFileReference; fileEncoding = 4; lastKnownFileType = sourcecode.c.objc; path = RHSocketCustom0330Encoder.m; sourceTree = "<group>"; };
		83DD64C72336069300DA03C7 /* RHSocketCustomRequest.m */ = {isa = PBXFileReference; fileEncoding = 4; lastKnownFileType = sourcecode.c.objc; path = RHSocketCustomRequest.m; sourceTree = "<group>"; };
		83DD64C82336069300DA03C7 /* RHSocketCustomResponse.m */ = {isa = PBXFileReference; fileEncoding = 4; lastKnownFileType = sourcecode.c.objc; path = RHSocketCustomResponse.m; sourceTree = "<group>"; };
		83DD64C92336069300DA03C7 /* RHSocketCustom0330Decoder.m */ = {isa = PBXFileReference; fileEncoding = 4; lastKnownFileType = sourcecode.c.objc; path = RHSocketCustom0330Decoder.m; sourceTree = "<group>"; };
		83DD64CA2336069300DA03C7 /* RHSocketCustom0330Encoder.h */ = {isa = PBXFileReference; fileEncoding = 4; lastKnownFileType = sourcecode.c.h; path = RHSocketCustom0330Encoder.h; sourceTree = "<group>"; };
		83DD64CB2336069300DA03C7 /* RHSocketCustomRequest.h */ = {isa = PBXFileReference; fileEncoding = 4; lastKnownFileType = sourcecode.c.h; path = RHSocketCustomRequest.h; sourceTree = "<group>"; };
		CA7E9B7CE34973C7A4D8116B /* Pods-Pipeline.debug.xcconfig */ = {isa = PBXFileReference; includeInIndex = 1; lastKnownFileType = text.xcconfig; name = "Pods-Pipeline.debug.xcconfig"; path = "Pods/Target Support Files/Pods-Pipeline/Pods-Pipeline.debug.xcconfig"; sourceTree = "<group>"; };
/* End PBXFileReference section */

/* Begin PBXFrameworksBuildPhase section */
		8363234D23252EDC0010DF86 /* Frameworks */ = {
			isa = PBXFrameworksBuildPhase;
			buildActionMask = 2147483647;
			files = (
				4F2D6EF203B0D437E671AE20 /* libPods-Pipeline.a in Frameworks */,
			);
			runOnlyForDeploymentPostprocessing = 0;
		};
/* End PBXFrameworksBuildPhase section */

/* Begin PBXGroup section */
		8363234723252EDC0010DF86 = {
			isa = PBXGroup;
			children = (
				8363235223252EDC0010DF86 /* Pipeline */,
				8363235123252EDC0010DF86 /* Products */,
				8AD4633DA433C4E99996BFEC /* Pods */,
				F2D8EBB5E510B7E8D63B45EA /* Frameworks */,
			);
			sourceTree = "<group>";
		};
		8363235123252EDC0010DF86 /* Products */ = {
			isa = PBXGroup;
			children = (
				8363235023252EDC0010DF86 /* Pipeline.app */,
			);
			name = Products;
			sourceTree = "<group>";
		};
		8363235223252EDC0010DF86 /* Pipeline */ = {
			isa = PBXGroup;
			children = (
				836323862327A0950010DF86 /* Client */,
				8363236E232688950010DF86 /* About */,
				8363236F232688960010DF86 /* Home */,
				83632369232546290010DF86 /* Server */,
				8363235323252EDC0010DF86 /* AppDelegate.h */,
				8363235423252EDC0010DF86 /* AppDelegate.m */,
				8363235623252EDC0010DF86 /* ViewController.h */,
				8363235723252EDC0010DF86 /* ViewController.m */,
				8363235923252EDC0010DF86 /* Main.storyboard */,
				8363235C23252EDD0010DF86 /* Assets.xcassets */,
				8363235E23252EDD0010DF86 /* LaunchScreen.storyboard */,
				8363236123252EDD0010DF86 /* Info.plist */,
				8363236223252EDD0010DF86 /* main.m */,
				83632370232689EC0010DF86 /* RHTabBarViewController.h */,
				83632371232689EC0010DF86 /* RHTabBarViewController.m */,
				8363237E232798030010DF86 /* PrefixHeader.pch */,
			);
			path = Pipeline;
			sourceTree = "<group>";
		};
		83632369232546290010DF86 /* Server */ = {
			isa = PBXGroup;
			children = (
				8363236A232546460010DF86 /* RHTcpServer.h */,
				8363236B232546460010DF86 /* RHTcpServer.m */,
			);
			path = Server;
			sourceTree = "<group>";
		};
		8363236E232688950010DF86 /* About */ = {
			isa = PBXGroup;
			children = (
				8363237623268BDF0010DF86 /* RHAboutViewController.h */,
				8363237723268BDF0010DF86 /* RHAboutViewController.m */,
			);
			path = About;
			sourceTree = "<group>";
		};
		8363236F232688960010DF86 /* Home */ = {
			isa = PBXGroup;
			children = (
				8363237323268BCB0010DF86 /* RHHomeViewController.h */,
				8363237423268BCB0010DF86 /* RHHomeViewController.m */,
			);
			path = Home;
			sourceTree = "<group>";
		};
		836323862327A0950010DF86 /* Client */ = {
			isa = PBXGroup;
			children = (
				83DD64C22336069300DA03C7 /* RHSocketCustom0330 */,
				83DD64B52335FFAD00DA03C7 /* Http */,
				836323872327A1120010DF86 /* RHClientViewController.h */,
				836323882327A1120010DF86 /* RHClientViewController.m */,
				8313CDFA233FAF7D0036A3A2 /* RHReceivePacketCache.h */,
				8313CDFB233FAF7D0036A3A2 /* RHReceivePacketCache.m */,
				8313CDFD233FAF8E0036A3A2 /* RHSendPacketCache.h */,
				8313CDFE233FAF8E0036A3A2 /* RHSendPacketCache.m */,
			);
			path = Client;
			sourceTree = "<group>";
		};
		83DD64B52335FFAD00DA03C7 /* Http */ = {
			isa = PBXGroup;
			children = (
				83DD64B72335FFAD00DA03C7 /* RHSocketHttpEncoder.h */,
				83DD64BA2335FFAD00DA03C7 /* RHSocketHttpEncoder.m */,
				83DD64BD2335FFAD00DA03C7 /* RHSocketHttpDecoder.h */,
				83DD64B92335FFAD00DA03C7 /* RHSocketHttpDecoder.m */,
				83DD64B62335FFAD00DA03C7 /* RHSocketHttpRequest.h */,
				83DD64BB2335FFAD00DA03C7 /* RHSocketHttpRequest.m */,
				83DD64B82335FFAD00DA03C7 /* RHSocketHttpResponse.h */,
				83DD64BC2335FFAD00DA03C7 /* RHSocketHttpResponse.m */,
			);
			path = Http;
			sourceTree = "<group>";
		};
		83DD64C22336069300DA03C7 /* RHSocketCustom0330 */ = {
			isa = PBXGroup;
			children = (
				83DD64C52336069300DA03C7 /* custom0330.jpg */,
				83DD64CA2336069300DA03C7 /* RHSocketCustom0330Encoder.h */,
				83DD64C62336069300DA03C7 /* RHSocketCustom0330Encoder.m */,
				83DD64C42336069300DA03C7 /* RHSocketCustom0330Decoder.h */,
				83DD64C92336069300DA03C7 /* RHSocketCustom0330Decoder.m */,
				83DD64CB2336069300DA03C7 /* RHSocketCustomRequest.h */,
				83DD64C72336069300DA03C7 /* RHSocketCustomRequest.m */,
				83DD64C32336069300DA03C7 /* RHSocketCustomResponse.h */,
				83DD64C82336069300DA03C7 /* RHSocketCustomResponse.m */,
			);
			path = RHSocketCustom0330;
			sourceTree = "<group>";
		};
		8AD4633DA433C4E99996BFEC /* Pods */ = {
			isa = PBXGroup;
			children = (
				CA7E9B7CE34973C7A4D8116B /* Pods-Pipeline.debug.xcconfig */,
				2EA2BB68ED737EA9D9587CCD /* Pods-Pipeline.release.xcconfig */,
			);
			name = Pods;
			sourceTree = "<group>";
		};
		F2D8EBB5E510B7E8D63B45EA /* Frameworks */ = {
			isa = PBXGroup;
			children = (
				2CCC9AE2B3DCD22A1321C5A9 /* libPods-Pipeline.a */,
			);
			name = Frameworks;
			sourceTree = "<group>";
		};
/* End PBXGroup section */

/* Begin PBXNativeTarget section */
		8363234F23252EDC0010DF86 /* Pipeline */ = {
			isa = PBXNativeTarget;
			buildConfigurationList = 8363236623252EDD0010DF86 /* Build configuration list for PBXNativeTarget "Pipeline" */;
			buildPhases = (
				81AAC78CB426BD54972611C4 /* [CP] Check Pods Manifest.lock */,
				8363234C23252EDC0010DF86 /* Sources */,
				8363234D23252EDC0010DF86 /* Frameworks */,
				8363234E23252EDC0010DF86 /* Resources */,
			);
			buildRules = (
			);
			dependencies = (
			);
			name = Pipeline;
			productName = Pipeline;
			productReference = 8363235023252EDC0010DF86 /* Pipeline.app */;
			productType = "com.apple.product-type.application";
		};
/* End PBXNativeTarget section */

/* Begin PBXProject section */
		8363234823252EDC0010DF86 /* Project object */ = {
			isa = PBXProject;
			attributes = {
				LastUpgradeCheck = 1010;
				ORGANIZATIONNAME = zhuruhong;
				TargetAttributes = {
					8363234F23252EDC0010DF86 = {
						CreatedOnToolsVersion = 10.1;
					};
				};
			};
			buildConfigurationList = 8363234B23252EDC0010DF86 /* Build configuration list for PBXProject "Pipeline" */;
			compatibilityVersion = "Xcode 9.3";
			developmentRegion = en;
			hasScannedForEncodings = 0;
			knownRegions = (
				en,
				Base,
			);
			mainGroup = 8363234723252EDC0010DF86;
			productRefGroup = 8363235123252EDC0010DF86 /* Products */;
			projectDirPath = "";
			projectRoot = "";
			targets = (
				8363234F23252EDC0010DF86 /* Pipeline */,
			);
		};
/* End PBXProject section */

/* Begin PBXResourcesBuildPhase section */
		8363234E23252EDC0010DF86 /* Resources */ = {
			isa = PBXResourcesBuildPhase;
			buildActionMask = 2147483647;
			files = (
				8363236023252EDD0010DF86 /* LaunchScreen.storyboard in Resources */,
				8363235D23252EDD0010DF86 /* Assets.xcassets in Resources */,
				83DD64CC2336069300DA03C7 /* custom0330.jpg in Resources */,
				8363235B23252EDC0010DF86 /* Main.storyboard in Resources */,
			);
			runOnlyForDeploymentPostprocessing = 0;
		};
/* End PBXResourcesBuildPhase section */

/* Begin PBXShellScriptBuildPhase section */
		81AAC78CB426BD54972611C4 /* [CP] Check Pods Manifest.lock */ = {
			isa = PBXShellScriptBuildPhase;
			buildActionMask = 2147483647;
			files = (
			);
			inputFileListPaths = (
			);
			inputPaths = (
				"${PODS_PODFILE_DIR_PATH}/Podfile.lock",
				"${PODS_ROOT}/Manifest.lock",
			);
			name = "[CP] Check Pods Manifest.lock";
			outputFileListPaths = (
			);
			outputPaths = (
				"$(DERIVED_FILE_DIR)/Pods-Pipeline-checkManifestLockResult.txt",
			);
			runOnlyForDeploymentPostprocessing = 0;
			shellPath = /bin/sh;
			shellScript = "diff \"${PODS_PODFILE_DIR_PATH}/Podfile.lock\" \"${PODS_ROOT}/Manifest.lock\" > /dev/null\nif [ $? != 0 ] ; then\n    # print error to STDERR\n    echo \"error: The sandbox is not in sync with the Podfile.lock. Run 'pod install' or update your CocoaPods installation.\" >&2\n    exit 1\nfi\n# This output is used by Xcode 'outputs' to avoid re-running this script phase.\necho \"SUCCESS\" > \"${SCRIPT_OUTPUT_FILE_0}\"\n";
			showEnvVarsInLog = 0;
		};
/* End PBXShellScriptBuildPhase section */

/* Begin PBXSourcesBuildPhase section */
		8363234C23252EDC0010DF86 /* Sources */ = {
			isa = PBXSourcesBuildPhase;
			buildActionMask = 2147483647;
			files = (
				83DD64D02336069300DA03C7 /* RHSocketCustom0330Decoder.m in Sources */,
				83DD64BE2335FFAD00DA03C7 /* RHSocketHttpDecoder.m in Sources */,
				8363236C232546460010DF86 /* RHTcpServer.m in Sources */,
				8363235823252EDC0010DF86 /* ViewController.m in Sources */,
				83DD64C12335FFAD00DA03C7 /* RHSocketHttpResponse.m in Sources */,
				83632372232689EC0010DF86 /* RHTabBarViewController.m in Sources */,
				836323892327A1120010DF86 /* RHClientViewController.m in Sources */,
				83DD64CF2336069300DA03C7 /* RHSocketCustomResponse.m in Sources */,
				8313CDFF233FAF8E0036A3A2 /* RHSendPacketCache.m in Sources */,
				83DD64CD2336069300DA03C7 /* RHSocketCustom0330Encoder.m in Sources */,
				83DD64BF2335FFAD00DA03C7 /* RHSocketHttpEncoder.m in Sources */,
				83DD64C02335FFAD00DA03C7 /* RHSocketHttpRequest.m in Sources */,
				8363236323252EDD0010DF86 /* main.m in Sources */,
				8363235523252EDC0010DF86 /* AppDelegate.m in Sources */,
				8363237823268BDF0010DF86 /* RHAboutViewController.m in Sources */,
				8313CDFC233FAF7D0036A3A2 /* RHReceivePacketCache.m in Sources */,
				8363237523268BCB0010DF86 /* RHHomeViewController.m in Sources */,
				83DD64CE2336069300DA03C7 /* RHSocketCustomRequest.m in Sources */,
			);
			runOnlyForDeploymentPostprocessing = 0;
		};
/* End PBXSourcesBuildPhase section */

/* Begin PBXVariantGroup section */
		8363235923252EDC0010DF86 /* Main.storyboard */ = {
			isa = PBXVariantGroup;
			children = (
				8363235A23252EDC0010DF86 /* Base */,
			);
			name = Main.storyboard;
			sourceTree = "<group>";
		};
		8363235E23252EDD0010DF86 /* LaunchScreen.storyboard */ = {
			isa = PBXVariantGroup;
			children = (
				8363235F23252EDD0010DF86 /* Base */,
			);
			name = LaunchScreen.storyboard;
			sourceTree = "<group>";
		};
/* End PBXVariantGroup section */

/* Begin XCBuildConfiguration section */
		8363236423252EDD0010DF86 /* Debug */ = {
			isa = XCBuildConfiguration;
			buildSettings = {
				ALWAYS_SEARCH_USER_PATHS = NO;
				CLANG_ANALYZER_NONNULL = YES;
				CLANG_ANALYZER_NUMBER_OBJECT_CONVERSION = YES_AGGRESSIVE;
				CLANG_CXX_LANGUAGE_STANDARD = "gnu++14";
				CLANG_CXX_LIBRARY = "libc++";
				CLANG_ENABLE_MODULES = YES;
				CLANG_ENABLE_OBJC_ARC = YES;
				CLANG_ENABLE_OBJC_WEAK = YES;
				CLANG_WARN_BLOCK_CAPTURE_AUTORELEASING = YES;
				CLANG_WARN_BOOL_CONVERSION = YES;
				CLANG_WARN_COMMA = YES;
				CLANG_WARN_CONSTANT_CONVERSION = YES;
				CLANG_WARN_DEPRECATED_OBJC_IMPLEMENTATIONS = YES;
				CLANG_WARN_DIRECT_OBJC_ISA_USAGE = YES_ERROR;
				CLANG_WARN_DOCUMENTATION_COMMENTS = YES;
				CLANG_WARN_EMPTY_BODY = YES;
				CLANG_WARN_ENUM_CONVERSION = YES;
				CLANG_WARN_INFINITE_RECURSION = YES;
				CLANG_WARN_INT_CONVERSION = YES;
				CLANG_WARN_NON_LITERAL_NULL_CONVERSION = YES;
				CLANG_WARN_OBJC_IMPLICIT_RETAIN_SELF = YES;
				CLANG_WARN_OBJC_LITERAL_CONVERSION = YES;
				CLANG_WARN_OBJC_ROOT_CLASS = YES_ERROR;
				CLANG_WARN_RANGE_LOOP_ANALYSIS = YES;
				CLANG_WARN_STRICT_PROTOTYPES = YES;
				CLANG_WARN_SUSPICIOUS_MOVE = YES;
				CLANG_WARN_UNGUARDED_AVAILABILITY = YES_AGGRESSIVE;
				CLANG_WARN_UNREACHABLE_CODE = YES;
				CLANG_WARN__DUPLICATE_METHOD_MATCH = YES;
				CODE_SIGN_IDENTITY = "iPhone Developer";
				COPY_PHASE_STRIP = NO;
				DEBUG_INFORMATION_FORMAT = dwarf;
				ENABLE_STRICT_OBJC_MSGSEND = YES;
				ENABLE_TESTABILITY = YES;
				GCC_C_LANGUAGE_STANDARD = gnu11;
				GCC_DYNAMIC_NO_PIC = NO;
				GCC_NO_COMMON_BLOCKS = YES;
				GCC_OPTIMIZATION_LEVEL = 0;
				GCC_PREPROCESSOR_DEFINITIONS = (
					"DEBUG=1",
					"$(inherited)",
				);
				GCC_WARN_64_TO_32_BIT_CONVERSION = YES;
				GCC_WARN_ABOUT_RETURN_TYPE = YES_ERROR;
				GCC_WARN_UNDECLARED_SELECTOR = YES;
				GCC_WARN_UNINITIALIZED_AUTOS = YES_AGGRESSIVE;
				GCC_WARN_UNUSED_FUNCTION = YES;
				GCC_WARN_UNUSED_VARIABLE = YES;
				IPHONEOS_DEPLOYMENT_TARGET = 9.0;
				MTL_ENABLE_DEBUG_INFO = INCLUDE_SOURCE;
				MTL_FAST_MATH = YES;
				ONLY_ACTIVE_ARCH = YES;
				SDKROOT = iphoneos;
			};
			name = Debug;
		};
		8363236523252EDD0010DF86 /* Release */ = {
			isa = XCBuildConfiguration;
			buildSettings = {
				ALWAYS_SEARCH_USER_PATHS = NO;
				CLANG_ANALYZER_NONNULL = YES;
				CLANG_ANALYZER_NUMBER_OBJECT_CONVERSION = YES_AGGRESSIVE;
				CLANG_CXX_LANGUAGE_STANDARD = "gnu++14";
				CLANG_CXX_LIBRARY = "libc++";
				CLANG_ENABLE_MODULES = YES;
				CLANG_ENABLE_OBJC_ARC = YES;
				CLANG_ENABLE_OBJC_WEAK = YES;
				CLANG_WARN_BLOCK_CAPTURE_AUTORELEASING = YES;
				CLANG_WARN_BOOL_CONVERSION = YES;
				CLANG_WARN_COMMA = YES;
				CLANG_WARN_CONSTANT_CONVERSION = YES;
				CLANG_WARN_DEPRECATED_OBJC_IMPLEMENTATIONS = YES;
				CLANG_WARN_DIRECT_OBJC_ISA_USAGE = YES_ERROR;
				CLANG_WARN_DOCUMENTATION_COMMENTS = YES;
				CLANG_WARN_EMPTY_BODY = YES;
				CLANG_WARN_ENUM_CONVERSION = YES;
				CLANG_WARN_INFINITE_RECURSION = YES;
				CLANG_WARN_INT_CONVERSION = YES;
				CLANG_WARN_NON_LITERAL_NULL_CONVERSION = YES;
				CLANG_WARN_OBJC_IMPLICIT_RETAIN_SELF = YES;
				CLANG_WARN_OBJC_LITERAL_CONVERSION = YES;
				CLANG_WARN_OBJC_ROOT_CLASS = YES_ERROR;
				CLANG_WARN_RANGE_LOOP_ANALYSIS = YES;
				CLANG_WARN_STRICT_PROTOTYPES = YES;
				CLANG_WARN_SUSPICIOUS_MOVE = YES;
				CLANG_WARN_UNGUARDED_AVAILABILITY = YES_AGGRESSIVE;
				CLANG_WARN_UNREACHABLE_CODE = YES;
				CLANG_WARN__DUPLICATE_METHOD_MATCH = YES;
				CODE_SIGN_IDENTITY = "iPhone Developer";
				COPY_PHASE_STRIP = NO;
				DEBUG_INFORMATION_FORMAT = "dwarf-with-dsym";
				ENABLE_NS_ASSERTIONS = NO;
				ENABLE_STRICT_OBJC_MSGSEND = YES;
				GCC_C_LANGUAGE_STANDARD = gnu11;
				GCC_NO_COMMON_BLOCKS = YES;
				GCC_WARN_64_TO_32_BIT_CONVERSION = YES;
				GCC_WARN_ABOUT_RETURN_TYPE = YES_ERROR;
				GCC_WARN_UNDECLARED_SELECTOR = YES;
				GCC_WARN_UNINITIALIZED_AUTOS = YES_AGGRESSIVE;
				GCC_WARN_UNUSED_FUNCTION = YES;
				GCC_WARN_UNUSED_VARIABLE = YES;
				IPHONEOS_DEPLOYMENT_TARGET = 9.0;
				MTL_ENABLE_DEBUG_INFO = NO;
				MTL_FAST_MATH = YES;
				SDKROOT = iphoneos;
				VALIDATE_PRODUCT = YES;
			};
			name = Release;
		};
		8363236723252EDD0010DF86 /* Debug */ = {
			isa = XCBuildConfiguration;
			baseConfigurationReference = CA7E9B7CE34973C7A4D8116B /* Pods-Pipeline.debug.xcconfig */;
			buildSettings = {
				ASSETCATALOG_COMPILER_APPICON_NAME = AppIcon;
				CODE_SIGN_IDENTITY = "iPhone Developer";
				CODE_SIGN_STYLE = Manual;
				DEVELOPMENT_TEAM = "";
				GCC_PREFIX_HEADER = Pipeline/PrefixHeader.pch;
				INFOPLIST_FILE = Pipeline/Info.plist;
				LD_RUNPATH_SEARCH_PATHS = (
					"$(inherited)",
					"@executable_path/Frameworks",
				);
				PRODUCT_BUNDLE_IDENTIFIER = com.zrh.test.Pipeline;
				PRODUCT_NAME = "$(TARGET_NAME)";
				PROVISIONING_PROFILE_SPECIFIER = "";
				TARGETED_DEVICE_FAMILY = "1,2";
			};
			name = Debug;
		};
		8363236823252EDD0010DF86 /* Release */ = {
			isa = XCBuildConfiguration;
			baseConfigurationReference = 2EA2BB68ED737EA9D9587CCD /* Pods-Pipeline.release.xcconfig */;
			buildSettings = {
				ASSETCATALOG_COMPILER_APPICON_NAME = AppIcon;
				CODE_SIGN_IDENTITY = "iPhone Developer";
				CODE_SIGN_STYLE = Manual;
				DEVELOPMENT_TEAM = "";
				GCC_PREFIX_HEADER = Pipeline/PrefixHeader.pch;
				INFOPLIST_FILE = Pipeline/Info.plist;
				LD_RUNPATH_SEARCH_PATHS = (
					"$(inherited)",
					"@executable_path/Frameworks",
				);
				PRODUCT_BUNDLE_IDENTIFIER = com.zrh.test.Pipeline;
				PRODUCT_NAME = "$(TARGET_NAME)";
				PROVISIONING_PROFILE_SPECIFIER = "";
				TARGETED_DEVICE_FAMILY = "1,2";
			};
			name = Release;
		};
/* End XCBuildConfiguration section */

/* Begin XCConfigurationList section */
		8363234B23252EDC0010DF86 /* Build configuration list for PBXProject "Pipeline" */ = {
			isa = XCConfigurationList;
			buildConfigurations = (
				8363236423252EDD0010DF86 /* Debug */,
				8363236523252EDD0010DF86 /* Release */,
			);
			defaultConfigurationIsVisible = 0;
			defaultConfigurationName = Release;
		};
		8363236623252EDD0010DF86 /* Build configuration list for PBXNativeTarget "Pipeline" */ = {
			isa = XCConfigurationList;
			buildConfigurations = (
				8363236723252EDD0010DF86 /* Debug */,
				8363236823252EDD0010DF86 /* Release */,
			);
			defaultConfigurationIsVisible = 0;
			defaultConfigurationName = Release;
		};
/* End XCConfigurationList section */
	};
	rootObject = 8363234823252EDC0010DF86 /* Project object */;
}
