// !$*UTF8*$!
{
	archiveVersion = 1;
	classes = {
	};
	objectVersion = 46;
	objects = {

/* Begin PBXBuildFile section */
		0DFF3D97B3526AE7C2791DA6 /* libPods-TcpEchoServerDemo.a in Frameworks */ = {isa = PBXBuildFile; fileRef = 190FAF70149830CB97D2C488 /* libPods-TcpEchoServerDemo.a */; };
		838C12E21D7EDFD10041DD2A /* RHSocketServerConnection.m in Sources */ = {isa = PBXBuildFile; fileRef = 838C12E11D7EDFD10041DD2A /* RHSocketServerConnection.m */; };
		83B1CC0A1D08035B003DD77A /* AppDelegate.m in Sources */ = {isa = PBXBuildFile; fileRef = 83B1CC091D08035B003DD77A /* AppDelegate.m */; };
		83B1CC0D1D08035B003DD77A /* main.m in Sources */ = {isa = PBXBuildFile; fileRef = 83B1CC0C1D08035B003DD77A /* main.m */; };
		83B1CC0F1D08035B003DD77A /* Assets.xcassets in Resources */ = {isa = PBXBuildFile; fileRef = 83B1CC0E1D08035B003DD77A /* Assets.xcassets */; };
		83B1CC121D08035B003DD77A /* MainMenu.xib in Resources */ = {isa = PBXBuildFile; fileRef = 83B1CC101D08035B003DD77A /* MainMenu.xib */; };
/* End PBXBuildFile section */

/* Begin PBXFileReference section */
		190FAF70149830CB97D2C488 /* libPods-TcpEchoServerDemo.a */ = {isa = PBXFileReference; explicitFileType = archive.ar; includeInIndex = 0; path = "libPods-TcpEchoServerDemo.a"; sourceTree = BUILT_PRODUCTS_DIR; };
		259F1D3935E0002023050C7C /* Pods-TcpEchoServerDemo.debug.xcconfig */ = {isa = PBXFileReference; includeInIndex = 1; lastKnownFileType = text.xcconfig; name = "Pods-TcpEchoServerDemo.debug.xcconfig"; path = "../Pods/Target Support Files/Pods-TcpEchoServerDemo/Pods-TcpEchoServerDemo.debug.xcconfig"; sourceTree = "<group>"; };
		838C12E01D7EDFD10041DD2A /* RHSocketServerConnection.h */ = {isa = PBXFileReference; fileEncoding = 4; lastKnownFileType = sourcecode.c.h; path = RHSocketServerConnection.h; sourceTree = "<group>"; };
		838C12E11D7EDFD10041DD2A /* RHSocketServerConnection.m */ = {isa = PBXFileReference; fileEncoding = 4; lastKnownFileType = sourcecode.c.objc; path = RHSocketServerConnection.m; sourceTree = "<group>"; };
		83B1CC051D08035B003DD77A /* TcpEchoServerDemo.app */ = {isa = PBXFileReference; explicitFileType = wrapper.application; includeInIndex = 0; path = TcpEchoServerDemo.app; sourceTree = BUILT_PRODUCTS_DIR; };
		83B1CC081D08035B003DD77A /* AppDelegate.h */ = {isa = PBXFileReference; lastKnownFileType = sourcecode.c.h; path = AppDelegate.h; sourceTree = "<group>"; };
		83B1CC091D08035B003DD77A /* AppDelegate.m */ = {isa = PBXFileReference; lastKnownFileType = sourcecode.c.objc; path = AppDelegate.m; sourceTree = "<group>"; };
		83B1CC0C1D08035B003DD77A /* main.m */ = {isa = PBXFileReference; lastKnownFileType = sourcecode.c.objc; path = main.m; sourceTree = "<group>"; };
		83B1CC0E1D08035B003DD77A /* Assets.xcassets */ = {isa = PBXFileReference; lastKnownFileType = folder.assetcatalog; path = Assets.xcassets; sourceTree = "<group>"; };
		83B1CC111D08035B003DD77A /* Base */ = {isa = PBXFileReference; lastKnownFileType = file.xib; name = Base; path = Base.lproj/MainMenu.xib; sourceTree = "<group>"; };
		83B1CC131D08035B003DD77A /* Info.plist */ = {isa = PBXFileReference; lastKnownFileType = text.plist.xml; path = Info.plist; sourceTree = "<group>"; };
		A952F693F40AC335B7BAC9E6 /* Pods-TcpEchoServerDemo.release.xcconfig */ = {isa = PBXFileReference; includeInIndex = 1; lastKnownFileType = text.xcconfig; name = "Pods-TcpEchoServerDemo.release.xcconfig"; path = "../Pods/Target Support Files/Pods-TcpEchoServerDemo/Pods-TcpEchoServerDemo.release.xcconfig"; sourceTree = "<group>"; };
/* End PBXFileReference section */

/* Begin PBXFrameworksBuildPhase section */
		83B1CC021D08035A003DD77A /* Frameworks */ = {
			isa = PBXFrameworksBuildPhase;
			buildActionMask = 2147483647;
			files = (
				0DFF3D97B3526AE7C2791DA6 /* libPods-TcpEchoServerDemo.a in Frameworks */,
			);
			runOnlyForDeploymentPostprocessing = 0;
		};
/* End PBXFrameworksBuildPhase section */

/* Begin PBXGroup section */
		1E6DEAD73654CB7C691D770C /* Frameworks */ = {
			isa = PBXGroup;
			children = (
				190FAF70149830CB97D2C488 /* libPods-TcpEchoServerDemo.a */,
			);
			name = Frameworks;
			sourceTree = "<group>";
		};
		5DB11C9E9B2E5341092F7A1D /* Pods */ = {
			isa = PBXGroup;
			children = (
				259F1D3935E0002023050C7C /* Pods-TcpEchoServerDemo.debug.xcconfig */,
				A952F693F40AC335B7BAC9E6 /* Pods-TcpEchoServerDemo.release.xcconfig */,
			);
			name = Pods;
			sourceTree = "<group>";
		};
		83B1CBFC1D08035A003DD77A = {
			isa = PBXGroup;
			children = (
				83B1CC071D08035B003DD77A /* TcpEchoServerDemo */,
				83B1CC061D08035B003DD77A /* Products */,
				5DB11C9E9B2E5341092F7A1D /* Pods */,
				1E6DEAD73654CB7C691D770C /* Frameworks */,
			);
			sourceTree = "<group>";
		};
		83B1CC061D08035B003DD77A /* Products */ = {
			isa = PBXGroup;
			children = (
				83B1CC051D08035B003DD77A /* TcpEchoServerDemo.app */,
			);
			name = Products;
			sourceTree = "<group>";
		};
		83B1CC071D08035B003DD77A /* TcpEchoServerDemo */ = {
			isa = PBXGroup;
			children = (
				83B1CC081D08035B003DD77A /* AppDelegate.h */,
				83B1CC091D08035B003DD77A /* AppDelegate.m */,
				83B1CC0E1D08035B003DD77A /* Assets.xcassets */,
				83B1CC101D08035B003DD77A /* MainMenu.xib */,
				83B1CC131D08035B003DD77A /* Info.plist */,
				83B1CC0B1D08035B003DD77A /* Supporting Files */,
				838C12E01D7EDFD10041DD2A /* RHSocketServerConnection.h */,
				838C12E11D7EDFD10041DD2A /* RHSocketServerConnection.m */,
			);
			path = TcpEchoServerDemo;
			sourceTree = "<group>";
		};
		83B1CC0B1D08035B003DD77A /* Supporting Files */ = {
			isa = PBXGroup;
			children = (
				83B1CC0C1D08035B003DD77A /* main.m */,
			);
			name = "Supporting Files";
			sourceTree = "<group>";
		};
/* End PBXGroup section */

/* Begin PBXNativeTarget section */
		83B1CC041D08035A003DD77A /* TcpEchoServerDemo */ = {
			isa = PBXNativeTarget;
			buildConfigurationList = 83B1CC161D08035B003DD77A /* Build configuration list for PBXNativeTarget "TcpEchoServerDemo" */;
			buildPhases = (
				B6C989171B8157433F4FBF7A /* [CP] Check Pods Manifest.lock */,
				83B1CC011D08035A003DD77A /* Sources */,
				83B1CC021D08035A003DD77A /* Frameworks */,
				83B1CC031D08035A003DD77A /* Resources */,
				C8814C9D8A9FF995317DDDDC /* [CP] Embed Pods Frameworks */,
				72E9C0AC544E2D1B7BF14259 /* [CP] Copy Pods Resources */,
			);
			buildRules = (
			);
			dependencies = (
			);
			name = TcpEchoServerDemo;
			productName = TcpEchoServerDemo;
			productReference = 83B1CC051D08035B003DD77A /* TcpEchoServerDemo.app */;
			productType = "com.apple.product-type.application";
		};
/* End PBXNativeTarget section */

/* Begin PBXProject section */
		83B1CBFD1D08035A003DD77A /* Project object */ = {
			isa = PBXProject;
			attributes = {
				LastUpgradeCheck = 0730;
				ORGANIZATIONNAME = zhuruhong;
				TargetAttributes = {
					83B1CC041D08035A003DD77A = {
						CreatedOnToolsVersion = 7.3.1;
					};
				};
			};
			buildConfigurationList = 83B1CC001D08035A003DD77A /* Build configuration list for PBXProject "TcpEchoServerDemo" */;
			compatibilityVersion = "Xcode 3.2";
			developmentRegion = English;
			hasScannedForEncodings = 0;
			knownRegions = (
				en,
				Base,
			);
			mainGroup = 83B1CBFC1D08035A003DD77A;
			productRefGroup = 83B1CC061D08035B003DD77A /* Products */;
			projectDirPath = "";
			projectRoot = "";
			targets = (
				83B1CC041D08035A003DD77A /* TcpEchoServerDemo */,
			);
		};
/* End PBXProject section */

/* Begin PBXResourcesBuildPhase section */
		83B1CC031D08035A003DD77A /* Resources */ = {
			isa = PBXResourcesBuildPhase;
			buildActionMask = 2147483647;
			files = (
				83B1CC0F1D08035B003DD77A /* Assets.xcassets in Resources */,
				83B1CC121D08035B003DD77A /* MainMenu.xib in Resources */,
			);
			runOnlyForDeploymentPostprocessing = 0;
		};
/* End PBXResourcesBuildPhase section */

/* Begin PBXShellScriptBuildPhase section */
		72E9C0AC544E2D1B7BF14259 /* [CP] Copy Pods Resources */ = {
			isa = PBXShellScriptBuildPhase;
			buildActionMask = 2147483647;
			files = (
			);
			inputPaths = (
			);
			name = "[CP] Copy Pods Resources";
			outputPaths = (
			);
			runOnlyForDeploymentPostprocessing = 0;
			shellPath = /bin/sh;
			shellScript = "\"${SRCROOT}/../Pods/Target Support Files/Pods-TcpEchoServerDemo/Pods-TcpEchoServerDemo-resources.sh\"\n";
			showEnvVarsInLog = 0;
		};
		B6C989171B8157433F4FBF7A /* [CP] Check Pods Manifest.lock */ = {
			isa = PBXShellScriptBuildPhase;
			buildActionMask = 2147483647;
			files = (
			);
			inputPaths = (
			);
			name = "[CP] Check Pods Manifest.lock";
			outputPaths = (
			);
			runOnlyForDeploymentPostprocessing = 0;
			shellPath = /bin/sh;
			shellScript = "diff \"${PODS_PODFILE_DIR_PATH}/Podfile.lock\" \"${PODS_ROOT}/Manifest.lock\" > /dev/null\nif [ $? != 0 ] ; then\n    # print error to STDERR\n    echo \"error: The sandbox is not in sync with the Podfile.lock. Run 'pod install' or update your CocoaPods installation.\" >&2\n    exit 1\nfi\n";
			showEnvVarsInLog = 0;
		};
		C8814C9D8A9FF995317DDDDC /* [CP] Embed Pods Frameworks */ = {
			isa = PBXShellScriptBuildPhase;
			buildActionMask = 2147483647;
			files = (
			);
			inputPaths = (
			);
			name = "[CP] Embed Pods Frameworks";
			outputPaths = (
			);
			runOnlyForDeploymentPostprocessing = 0;
			shellPath = /bin/sh;
			shellScript = "\"${SRCROOT}/../Pods/Target Support Files/Pods-TcpEchoServerDemo/Pods-TcpEchoServerDemo-frameworks.sh\"\n";
			showEnvVarsInLog = 0;
		};
/* End PBXShellScriptBuildPhase section */

/* Begin PBXSourcesBuildPhase section */
		83B1CC011D08035A003DD77A /* Sources */ = {
			isa = PBXSourcesBuildPhase;
			buildActionMask = 2147483647;
			files = (
				83B1CC0D1D08035B003DD77A /* main.m in Sources */,
				83B1CC0A1D08035B003DD77A /* AppDelegate.m in Sources */,
				838C12E21D7EDFD10041DD2A /* RHSocketServerConnection.m in Sources */,
			);
			runOnlyForDeploymentPostprocessing = 0;
		};
/* End PBXSourcesBuildPhase section */

/* Begin PBXVariantGroup section */
		83B1CC101D08035B003DD77A /* MainMenu.xib */ = {
			isa = PBXVariantGroup;
			children = (
				83B1CC111D08035B003DD77A /* Base */,
			);
			name = MainMenu.xib;
			sourceTree = "<group>";
		};
/* End PBXVariantGroup section */

/* Begin XCBuildConfiguration section */
		83B1CC141D08035B003DD77A /* Debug */ = {
			isa = XCBuildConfiguration;
			buildSettings = {
				ALWAYS_SEARCH_USER_PATHS = NO;
				CLANG_ANALYZER_NONNULL = YES;
				CLANG_CXX_LANGUAGE_STANDARD = "gnu++0x";
				CLANG_CXX_LIBRARY = "libc++";
				CLANG_ENABLE_MODULES = YES;
				CLANG_ENABLE_OBJC_ARC = YES;
				CLANG_WARN_BOOL_CONVERSION = YES;
				CLANG_WARN_CONSTANT_CONVERSION = YES;
				CLANG_WARN_DIRECT_OBJC_ISA_USAGE = YES_ERROR;
				CLANG_WARN_EMPTY_BODY = YES;
				CLANG_WARN_ENUM_CONVERSION = YES;
				CLANG_WARN_INT_CONVERSION = YES;
				CLANG_WARN_OBJC_ROOT_CLASS = YES_ERROR;
				CLANG_WARN_UNREACHABLE_CODE = YES;
				CLANG_WARN__DUPLICATE_METHOD_MATCH = YES;
				CODE_SIGN_IDENTITY = "-";
				COPY_PHASE_STRIP = NO;
				DEBUG_INFORMATION_FORMAT = dwarf;
				ENABLE_STRICT_OBJC_MSGSEND = YES;
				ENABLE_TESTABILITY = YES;
				GCC_C_LANGUAGE_STANDARD = gnu99;
				GCC_DYNAMIC_NO_PIC = NO;
				GCC_NO_COMMON_BLOCKS = YES;
				GCC_OPTIMIZATION_LEVEL = 0;
				GCC_PREPROCESSOR_DEFINITIONS = (
					"DEBUG=1",
					"$(inherited)",
				);
				GCC_WARN_64_TO_32_BIT_CONVERSION = YES;
				GCC_WARN_ABOUT_RETURN_TYPE = YES_ERROR;
				GCC_WARN_UNDECLARED_SELECTOR = YES;
				GCC_WARN_UNINITIALIZED_AUTOS = YES_AGGRESSIVE;
				GCC_WARN_UNUSED_FUNCTION = YES;
				GCC_WARN_UNUSED_VARIABLE = YES;
				MACOSX_DEPLOYMENT_TARGET = 10.9;
				MTL_ENABLE_DEBUG_INFO = YES;
				ONLY_ACTIVE_ARCH = YES;
				SDKROOT = macosx;
			};
			name = Debug;
		};
		83B1CC151D08035B003DD77A /* Release */ = {
			isa = XCBuildConfiguration;
			buildSettings = {
				ALWAYS_SEARCH_USER_PATHS = NO;
				CLANG_ANALYZER_NONNULL = YES;
				CLANG_CXX_LANGUAGE_STANDARD = "gnu++0x";
				CLANG_CXX_LIBRARY = "libc++";
				CLANG_ENABLE_MODULES = YES;
				CLANG_ENABLE_OBJC_ARC = YES;
				CLANG_WARN_BOOL_CONVERSION = YES;
				CLANG_WARN_CONSTANT_CONVERSION = YES;
				CLANG_WARN_DIRECT_OBJC_ISA_USAGE = YES_ERROR;
				CLANG_WARN_EMPTY_BODY = YES;
				CLANG_WARN_ENUM_CONVERSION = YES;
				CLANG_WARN_INT_CONVERSION = YES;
				CLANG_WARN_OBJC_ROOT_CLASS = YES_ERROR;
				CLANG_WARN_UNREACHABLE_CODE = YES;
				CLANG_WARN__DUPLICATE_METHOD_MATCH = YES;
				CODE_SIGN_IDENTITY = "-";
				COPY_PHASE_STRIP = NO;
				DEBUG_INFORMATION_FORMAT = "dwarf-with-dsym";
				ENABLE_NS_ASSERTIONS = NO;
				ENABLE_STRICT_OBJC_MSGSEND = YES;
				GCC_C_LANGUAGE_STANDARD = gnu99;
				GCC_NO_COMMON_BLOCKS = YES;
				GCC_WARN_64_TO_32_BIT_CONVERSION = YES;
				GCC_WARN_ABOUT_RETURN_TYPE = YES_ERROR;
				GCC_WARN_UNDECLARED_SELECTOR = YES;
				GCC_WARN_UNINITIALIZED_AUTOS = YES_AGGRESSIVE;
				GCC_WARN_UNUSED_FUNCTION = YES;
				GCC_WARN_UNUSED_VARIABLE = YES;
				MACOSX_DEPLOYMENT_TARGET = 10.9;
				MTL_ENABLE_DEBUG_INFO = NO;
				SDKROOT = macosx;
			};
			name = Release;
		};
		83B1CC171D08035B003DD77A /* Debug */ = {
			isa = XCBuildConfiguration;
			baseConfigurationReference = 259F1D3935E0002023050C7C /* Pods-TcpEchoServerDemo.debug.xcconfig */;
			buildSettings = {
				ASSETCATALOG_COMPILER_APPICON_NAME = AppIcon;
				COMBINE_HIDPI_IMAGES = YES;
				INFOPLIST_FILE = TcpEchoServerDemo/Info.plist;
				LD_RUNPATH_SEARCH_PATHS = "$(inherited) @executable_path/../Frameworks";
				PRODUCT_BUNDLE_IDENTIFIER = com.TcpEchoServerDemo;
				PRODUCT_NAME = "$(TARGET_NAME)";
			};
			name = Debug;
		};
		83B1CC181D08035B003DD77A /* Release */ = {
			isa = XCBuildConfiguration;
			baseConfigurationReference = A952F693F40AC335B7BAC9E6 /* Pods-TcpEchoServerDemo.release.xcconfig */;
			buildSettings = {
				ASSETCATALOG_COMPILER_APPICON_NAME = AppIcon;
				COMBINE_HIDPI_IMAGES = YES;
				INFOPLIST_FILE = TcpEchoServerDemo/Info.plist;
				LD_RUNPATH_SEARCH_PATHS = "$(inherited) @executable_path/../Frameworks";
				PRODUCT_BUNDLE_IDENTIFIER = com.TcpEchoServerDemo;
				PRODUCT_NAME = "$(TARGET_NAME)";
			};
			name = Release;
		};
/* End XCBuildConfiguration section */

/* Begin XCConfigurationList section */
		83B1CC001D08035A003DD77A /* Build configuration list for PBXProject "TcpEchoServerDemo" */ = {
			isa = XCConfigurationList;
			buildConfigurations = (
				83B1CC141D08035B003DD77A /* Debug */,
				83B1CC151D08035B003DD77A /* Release */,
			);
			defaultConfigurationIsVisible = 0;
			defaultConfigurationName = Release;
		};
		83B1CC161D08035B003DD77A /* Build configuration list for PBXNativeTarget "TcpEchoServerDemo" */ = {
			isa = XCConfigurationList;
			buildConfigurations = (
				83B1CC171D08035B003DD77A /* Debug */,
				83B1CC181D08035B003DD77A /* Release */,
			);
			defaultConfigurationIsVisible = 0;
			defaultConfigurationName = Release;
		};
/* End XCConfigurationList section */
	};
	rootObject = 83B1CBFD1D08035A003DD77A /* Project object */;
}
