// !$*UTF8*$!
{
	archiveVersion = 1;
	classes = {
	};
	objectVersion = 46;
	objects = {

/* Begin PBXBuildFile section */
		60F002D008887E486D0A82DA /* libPods-DelimiterCodecDemo.a in Frameworks */ = {isa = PBXBuildFile; fileRef = C084F9D40605B016E51BF4A2 /* libPods-DelimiterCodecDemo.a */; };
		83ADFCA41D05732000A6CBC3 /* main.m in Sources */ = {isa = PBXBuildFile; fileRef = 83ADFCA31D05732000A6CBC3 /* main.m */; };
		83ADFCA71D05732000A6CBC3 /* AppDelegate.m in Sources */ = {isa = PBXBuildFile; fileRef = 83ADFCA61D05732000A6CBC3 /* AppDelegate.m */; };
		83ADFCAA1D05732000A6CBC3 /* ViewController.m in Sources */ = {isa = PBXBuildFile; fileRef = 83ADFCA91D05732000A6CBC3 /* ViewController.m */; };
		83ADFCAD1D05732000A6CBC3 /* Main.storyboard in Resources */ = {isa = PBXBuildFile; fileRef = 83ADFCAB1D05732000A6CBC3 /* Main.storyboard */; };
		83ADFCAF1D05732000A6CBC3 /* Assets.xcassets in Resources */ = {isa = PBXBuildFile; fileRef = 83ADFCAE1D05732000A6CBC3 /* Assets.xcassets */; };
		83ADFCB21D05732000A6CBC3 /* LaunchScreen.storyboard in Resources */ = {isa = PBXBuildFile; fileRef = 83ADFCB01D05732000A6CBC3 /* LaunchScreen.storyboard */; };
/* End PBXBuildFile section */

/* Begin PBXFileReference section */
		17AB3375619C28E7370FA339 /* Pods-DelimiterCodecDemo.release.xcconfig */ = {isa = PBXFileReference; includeInIndex = 1; lastKnownFileType = text.xcconfig; name = "Pods-DelimiterCodecDemo.release.xcconfig"; path = "../Pods/Target Support Files/Pods-DelimiterCodecDemo/Pods-DelimiterCodecDemo.release.xcconfig"; sourceTree = "<group>"; };
		83ADFC9F1D05732000A6CBC3 /* DelimiterCodecDemo.app */ = {isa = PBXFileReference; explicitFileType = wrapper.application; includeInIndex = 0; path = DelimiterCodecDemo.app; sourceTree = BUILT_PRODUCTS_DIR; };
		83ADFCA31D05732000A6CBC3 /* main.m */ = {isa = PBXFileReference; lastKnownFileType = sourcecode.c.objc; path = main.m; sourceTree = "<group>"; };
		83ADFCA51D05732000A6CBC3 /* AppDelegate.h */ = {isa = PBXFileReference; lastKnownFileType = sourcecode.c.h; path = AppDelegate.h; sourceTree = "<group>"; };
		83ADFCA61D05732000A6CBC3 /* AppDelegate.m */ = {isa = PBXFileReference; lastKnownFileType = sourcecode.c.objc; path = AppDelegate.m; sourceTree = "<group>"; };
		83ADFCA81D05732000A6CBC3 /* ViewController.h */ = {isa = PBXFileReference; lastKnownFileType = sourcecode.c.h; path = ViewController.h; sourceTree = "<group>"; };
		83ADFCA91D05732000A6CBC3 /* ViewController.m */ = {isa = PBXFileReference; lastKnownFileType = sourcecode.c.objc; path = ViewController.m; sourceTree = "<group>"; };
		83ADFCAC1D05732000A6CBC3 /* Base */ = {isa = PBXFileReference; lastKnownFileType = file.storyboard; name = Base; path = Base.lproj/Main.storyboard; sourceTree = "<group>"; };
		83ADFCAE1D05732000A6CBC3 /* Assets.xcassets */ = {isa = PBXFileReference; lastKnownFileType = folder.assetcatalog; path = Assets.xcassets; sourceTree = "<group>"; };
		83ADFCB11D05732000A6CBC3 /* Base */ = {isa = PBXFileReference; lastKnownFileType = file.storyboard; name = Base; path = Base.lproj/LaunchScreen.storyboard; sourceTree = "<group>"; };
		83ADFCB31D05732000A6CBC3 /* Info.plist */ = {isa = PBXFileReference; lastKnownFileType = text.plist.xml; path = Info.plist; sourceTree = "<group>"; };
		8959C7677E6248B8D792BEA1 /* Pods-DelimiterCodecDemo.debug.xcconfig */ = {isa = PBXFileReference; includeInIndex = 1; lastKnownFileType = text.xcconfig; name = "Pods-DelimiterCodecDemo.debug.xcconfig"; path = "../Pods/Target Support Files/Pods-DelimiterCodecDemo/Pods-DelimiterCodecDemo.debug.xcconfig"; sourceTree = "<group>"; };
		C084F9D40605B016E51BF4A2 /* libPods-DelimiterCodecDemo.a */ = {isa = PBXFileReference; explicitFileType = archive.ar; includeInIndex = 0; path = "libPods-DelimiterCodecDemo.a"; sourceTree = BUILT_PRODUCTS_DIR; };
/* End PBXFileReference section */

/* Begin PBXFrameworksBuildPhase section */
		83ADFC9C1D05732000A6CBC3 /* Frameworks */ = {
			isa = PBXFrameworksBuildPhase;
			buildActionMask = 2147483647;
			files = (
				60F002D008887E486D0A82DA /* libPods-DelimiterCodecDemo.a in Frameworks */,
			);
			runOnlyForDeploymentPostprocessing = 0;
		};
/* End PBXFrameworksBuildPhase section */

/* Begin PBXGroup section */
		83ADFC961D05732000A6CBC3 = {
			isa = PBXGroup;
			children = (
				83ADFCA11D05732000A6CBC3 /* DelimiterCodecDemo */,
				83ADFCA01D05732000A6CBC3 /* Products */,
				B8D168ACC544769B5C2BBD25 /* Pods */,
				C961D55D246F1F8BF7C116D0 /* Frameworks */,
			);
			sourceTree = "<group>";
		};
		83ADFCA01D05732000A6CBC3 /* Products */ = {
			isa = PBXGroup;
			children = (
				83ADFC9F1D05732000A6CBC3 /* DelimiterCodecDemo.app */,
			);
			name = Products;
			sourceTree = "<group>";
		};
		83ADFCA11D05732000A6CBC3 /* DelimiterCodecDemo */ = {
			isa = PBXGroup;
			children = (
				83ADFCA51D05732000A6CBC3 /* AppDelegate.h */,
				83ADFCA61D05732000A6CBC3 /* AppDelegate.m */,
				83ADFCA81D05732000A6CBC3 /* ViewController.h */,
				83ADFCA91D05732000A6CBC3 /* ViewController.m */,
				83ADFCAB1D05732000A6CBC3 /* Main.storyboard */,
				83ADFCAE1D05732000A6CBC3 /* Assets.xcassets */,
				83ADFCB01D05732000A6CBC3 /* LaunchScreen.storyboard */,
				83ADFCB31D05732000A6CBC3 /* Info.plist */,
				83ADFCA21D05732000A6CBC3 /* Supporting Files */,
			);
			path = DelimiterCodecDemo;
			sourceTree = "<group>";
		};
		83ADFCA21D05732000A6CBC3 /* Supporting Files */ = {
			isa = PBXGroup;
			children = (
				83ADFCA31D05732000A6CBC3 /* main.m */,
			);
			name = "Supporting Files";
			sourceTree = "<group>";
		};
		B8D168ACC544769B5C2BBD25 /* Pods */ = {
			isa = PBXGroup;
			children = (
				8959C7677E6248B8D792BEA1 /* Pods-DelimiterCodecDemo.debug.xcconfig */,
				17AB3375619C28E7370FA339 /* Pods-DelimiterCodecDemo.release.xcconfig */,
			);
			name = Pods;
			sourceTree = "<group>";
		};
		C961D55D246F1F8BF7C116D0 /* Frameworks */ = {
			isa = PBXGroup;
			children = (
				C084F9D40605B016E51BF4A2 /* libPods-DelimiterCodecDemo.a */,
			);
			name = Frameworks;
			sourceTree = "<group>";
		};
/* End PBXGroup section */

/* Begin PBXNativeTarget section */
		83ADFC9E1D05732000A6CBC3 /* DelimiterCodecDemo */ = {
			isa = PBXNativeTarget;
			buildConfigurationList = 83ADFCB61D05732000A6CBC3 /* Build configuration list for PBXNativeTarget "DelimiterCodecDemo" */;
			buildPhases = (
				094A79F06285D19012D02E52 /* [CP] Check Pods Manifest.lock */,
				83ADFC9B1D05732000A6CBC3 /* Sources */,
				83ADFC9C1D05732000A6CBC3 /* Frameworks */,
				83ADFC9D1D05732000A6CBC3 /* Resources */,
				1E761F823FFF1D2DBC68B69D /* [CP] Embed Pods Frameworks */,
				E99A2C23B91B3CDBD38A4EC5 /* [CP] Copy Pods Resources */,
			);
			buildRules = (
			);
			dependencies = (
			);
			name = DelimiterCodecDemo;
			productName = DelimiterCodecDemo;
			productReference = 83ADFC9F1D05732000A6CBC3 /* DelimiterCodecDemo.app */;
			productType = "com.apple.product-type.application";
		};
/* End PBXNativeTarget section */

/* Begin PBXProject section */
		83ADFC971D05732000A6CBC3 /* Project object */ = {
			isa = PBXProject;
			attributes = {
				LastUpgradeCheck = 0730;
				ORGANIZATIONNAME = zhuruhong;
				TargetAttributes = {
					83ADFC9E1D05732000A6CBC3 = {
						CreatedOnToolsVersion = 7.3.1;
					};
				};
			};
			buildConfigurationList = 83ADFC9A1D05732000A6CBC3 /* Build configuration list for PBXProject "DelimiterCodecDemo" */;
			compatibilityVersion = "Xcode 3.2";
			developmentRegion = English;
			hasScannedForEncodings = 0;
			knownRegions = (
				en,
				Base,
			);
			mainGroup = 83ADFC961D05732000A6CBC3;
			productRefGroup = 83ADFCA01D05732000A6CBC3 /* Products */;
			projectDirPath = "";
			projectRoot = "";
			targets = (
				83ADFC9E1D05732000A6CBC3 /* DelimiterCodecDemo */,
			);
		};
/* End PBXProject section */

/* Begin PBXResourcesBuildPhase section */
		83ADFC9D1D05732000A6CBC3 /* Resources */ = {
			isa = PBXResourcesBuildPhase;
			buildActionMask = 2147483647;
			files = (
				83ADFCB21D05732000A6CBC3 /* LaunchScreen.storyboard in Resources */,
				83ADFCAF1D05732000A6CBC3 /* Assets.xcassets in Resources */,
				83ADFCAD1D05732000A6CBC3 /* Main.storyboard in Resources */,
			);
			runOnlyForDeploymentPostprocessing = 0;
		};
/* End PBXResourcesBuildPhase section */

/* Begin PBXShellScriptBuildPhase section */
		094A79F06285D19012D02E52 /* [CP] Check Pods Manifest.lock */ = {
			isa = PBXShellScriptBuildPhase;
			buildActionMask = 2147483647;
			files = (
			);
			inputPaths = (
			);
			name = "[CP] Check Pods Manifest.lock";
			outputPaths = (
			);
			runOnlyForDeploymentPostprocessing = 0;
			shellPath = /bin/sh;
			shellScript = "diff \"${PODS_PODFILE_DIR_PATH}/Podfile.lock\" \"${PODS_ROOT}/Manifest.lock\" > /dev/null\nif [ $? != 0 ] ; then\n    # print error to STDERR\n    echo \"error: The sandbox is not in sync with the Podfile.lock. Run 'pod install' or update your CocoaPods installation.\" >&2\n    exit 1\nfi\n";
			showEnvVarsInLog = 0;
		};
		1E761F823FFF1D2DBC68B69D /* [CP] Embed Pods Frameworks */ = {
			isa = PBXShellScriptBuildPhase;
			buildActionMask = 2147483647;
			files = (
			);
			inputPaths = (
			);
			name = "[CP] Embed Pods Frameworks";
			outputPaths = (
			);
			runOnlyForDeploymentPostprocessing = 0;
			shellPath = /bin/sh;
			shellScript = "\"${SRCROOT}/../Pods/Target Support Files/Pods-DelimiterCodecDemo/Pods-DelimiterCodecDemo-frameworks.sh\"\n";
			showEnvVarsInLog = 0;
		};
		E99A2C23B91B3CDBD38A4EC5 /* [CP] Copy Pods Resources */ = {
			isa = PBXShellScriptBuildPhase;
			buildActionMask = 2147483647;
			files = (
			);
			inputPaths = (
			);
			name = "[CP] Copy Pods Resources";
			outputPaths = (
			);
			runOnlyForDeploymentPostprocessing = 0;
			shellPath = /bin/sh;
			shellScript = "\"${SRCROOT}/../Pods/Target Support Files/Pods-DelimiterCodecDemo/Pods-DelimiterCodecDemo-resources.sh\"\n";
			showEnvVarsInLog = 0;
		};
/* End PBXShellScriptBuildPhase section */

/* Begin PBXSourcesBuildPhase section */
		83ADFC9B1D05732000A6CBC3 /* Sources */ = {
			isa = PBXSourcesBuildPhase;
			buildActionMask = 2147483647;
			files = (
				83ADFCAA1D05732000A6CBC3 /* ViewController.m in Sources */,
				83ADFCA71D05732000A6CBC3 /* AppDelegate.m in Sources */,
				83ADFCA41D05732000A6CBC3 /* main.m in Sources */,
			);
			runOnlyForDeploymentPostprocessing = 0;
		};
/* End PBXSourcesBuildPhase section */

/* Begin PBXVariantGroup section */
		83ADFCAB1D05732000A6CBC3 /* Main.storyboard */ = {
			isa = PBXVariantGroup;
			children = (
				83ADFCAC1D05732000A6CBC3 /* Base */,
			);
			name = Main.storyboard;
			sourceTree = "<group>";
		};
		83ADFCB01D05732000A6CBC3 /* LaunchScreen.storyboard */ = {
			isa = PBXVariantGroup;
			children = (
				83ADFCB11D05732000A6CBC3 /* Base */,
			);
			name = LaunchScreen.storyboard;
			sourceTree = "<group>";
		};
/* End PBXVariantGroup section */

/* Begin XCBuildConfiguration section */
		83ADFCB41D05732000A6CBC3 /* Debug */ = {
			isa = XCBuildConfiguration;
			buildSettings = {
				ALWAYS_SEARCH_USER_PATHS = NO;
				CLANG_ANALYZER_NONNULL = YES;
				CLANG_CXX_LANGUAGE_STANDARD = "gnu++0x";
				CLANG_CXX_LIBRARY = "libc++";
				CLANG_ENABLE_MODULES = YES;
				CLANG_ENABLE_OBJC_ARC = YES;
				CLANG_WARN_BOOL_CONVERSION = YES;
				CLANG_WARN_CONSTANT_CONVERSION = YES;
				CLANG_WARN_DIRECT_OBJC_ISA_USAGE = YES_ERROR;
				CLANG_WARN_EMPTY_BODY = YES;
				CLANG_WARN_ENUM_CONVERSION = YES;
				CLANG_WARN_INT_CONVERSION = YES;
				CLANG_WARN_OBJC_ROOT_CLASS = YES_ERROR;
				CLANG_WARN_UNREACHABLE_CODE = YES;
				CLANG_WARN__DUPLICATE_METHOD_MATCH = YES;
				"CODE_SIGN_IDENTITY[sdk=iphoneos*]" = "iPhone Developer";
				COPY_PHASE_STRIP = NO;
				DEBUG_INFORMATION_FORMAT = dwarf;
				ENABLE_STRICT_OBJC_MSGSEND = YES;
				ENABLE_TESTABILITY = YES;
				GCC_C_LANGUAGE_STANDARD = gnu99;
				GCC_DYNAMIC_NO_PIC = NO;
				GCC_NO_COMMON_BLOCKS = YES;
				GCC_OPTIMIZATION_LEVEL = 0;
				GCC_PREPROCESSOR_DEFINITIONS = (
					"DEBUG=1",
					"$(inherited)",
				);
				GCC_WARN_64_TO_32_BIT_CONVERSION = YES;
				GCC_WARN_ABOUT_RETURN_TYPE = YES_ERROR;
				GCC_WARN_UNDECLARED_SELECTOR = YES;
				GCC_WARN_UNINITIALIZED_AUTOS = YES_AGGRESSIVE;
				GCC_WARN_UNUSED_FUNCTION = YES;
				GCC_WARN_UNUSED_VARIABLE = YES;
				IPHONEOS_DEPLOYMENT_TARGET = 7.0;
				MTL_ENABLE_DEBUG_INFO = YES;
				ONLY_ACTIVE_ARCH = YES;
				SDKROOT = iphoneos;
				TARGETED_DEVICE_FAMILY = "1,2";
			};
			name = Debug;
		};
		83ADFCB51D05732000A6CBC3 /* Release */ = {
			isa = XCBuildConfiguration;
			buildSettings = {
				ALWAYS_SEARCH_USER_PATHS = NO;
				CLANG_ANALYZER_NONNULL = YES;
				CLANG_CXX_LANGUAGE_STANDARD = "gnu++0x";
				CLANG_CXX_LIBRARY = "libc++";
				CLANG_ENABLE_MODULES = YES;
				CLANG_ENABLE_OBJC_ARC = YES;
				CLANG_WARN_BOOL_CONVERSION = YES;
				CLANG_WARN_CONSTANT_CONVERSION = YES;
				CLANG_WARN_DIRECT_OBJC_ISA_USAGE = YES_ERROR;
				CLANG_WARN_EMPTY_BODY = YES;
				CLANG_WARN_ENUM_CONVERSION = YES;
				CLANG_WARN_INT_CONVERSION = YES;
				CLANG_WARN_OBJC_ROOT_CLASS = YES_ERROR;
				CLANG_WARN_UNREACHABLE_CODE = YES;
				CLANG_WARN__DUPLICATE_METHOD_MATCH = YES;
				"CODE_SIGN_IDENTITY[sdk=iphoneos*]" = "iPhone Developer";
				COPY_PHASE_STRIP = NO;
				DEBUG_INFORMATION_FORMAT = "dwarf-with-dsym";
				ENABLE_NS_ASSERTIONS = NO;
				ENABLE_STRICT_OBJC_MSGSEND = YES;
				GCC_C_LANGUAGE_STANDARD = gnu99;
				GCC_NO_COMMON_BLOCKS = YES;
				GCC_WARN_64_TO_32_BIT_CONVERSION = YES;
				GCC_WARN_ABOUT_RETURN_TYPE = YES_ERROR;
				GCC_WARN_UNDECLARED_SELECTOR = YES;
				GCC_WARN_UNINITIALIZED_AUTOS = YES_AGGRESSIVE;
				GCC_WARN_UNUSED_FUNCTION = YES;
				GCC_WARN_UNUSED_VARIABLE = YES;
				IPHONEOS_DEPLOYMENT_TARGET = 7.0;
				MTL_ENABLE_DEBUG_INFO = NO;
				SDKROOT = iphoneos;
				TARGETED_DEVICE_FAMILY = "1,2";
				VALIDATE_PRODUCT = YES;
			};
			name = Release;
		};
		83ADFCB71D05732000A6CBC3 /* Debug */ = {
			isa = XCBuildConfiguration;
			baseConfigurationReference = 8959C7677E6248B8D792BEA1 /* Pods-DelimiterCodecDemo.debug.xcconfig */;
			buildSettings = {
				ASSETCATALOG_COMPILER_APPICON_NAME = AppIcon;
				INFOPLIST_FILE = DelimiterCodecDemo/Info.plist;
				LD_RUNPATH_SEARCH_PATHS = "$(inherited) @executable_path/Frameworks";
				PRODUCT_BUNDLE_IDENTIFIER = com.DelimiterCodecDemo;
				PRODUCT_NAME = "$(TARGET_NAME)";
			};
			name = Debug;
		};
		83ADFCB81D05732000A6CBC3 /* Release */ = {
			isa = XCBuildConfiguration;
			baseConfigurationReference = 17AB3375619C28E7370FA339 /* Pods-DelimiterCodecDemo.release.xcconfig */;
			buildSettings = {
				ASSETCATALOG_COMPILER_APPICON_NAME = AppIcon;
				INFOPLIST_FILE = DelimiterCodecDemo/Info.plist;
				LD_RUNPATH_SEARCH_PATHS = "$(inherited) @executable_path/Frameworks";
				PRODUCT_BUNDLE_IDENTIFIER = com.DelimiterCodecDemo;
				PRODUCT_NAME = "$(TARGET_NAME)";
			};
			name = Release;
		};
/* End XCBuildConfiguration section */

/* Begin XCConfigurationList section */
		83ADFC9A1D05732000A6CBC3 /* Build configuration list for PBXProject "DelimiterCodecDemo" */ = {
			isa = XCConfigurationList;
			buildConfigurations = (
				83ADFCB41D05732000A6CBC3 /* Debug */,
				83ADFCB51D05732000A6CBC3 /* Release */,
			);
			defaultConfigurationIsVisible = 0;
			defaultConfigurationName = Release;
		};
		83ADFCB61D05732000A6CBC3 /* Build configuration list for PBXNativeTarget "DelimiterCodecDemo" */ = {
			isa = XCConfigurationList;
			buildConfigurations = (
				83ADFCB71D05732000A6CBC3 /* Debug */,
				83ADFCB81D05732000A6CBC3 /* Release */,
			);
			defaultConfigurationIsVisible = 0;
			defaultConfigurationName = Release;
		};
/* End XCConfigurationList section */
	};
	rootObject = 83ADFC971D05732000A6CBC3 /* Project object */;
}
