// !$*UTF8*$!
{
	archiveVersion = 1;
	classes = {
	};
	objectVersion = 46;
	objects = {

/* Begin PBXBuildFile section */
		3DB01D98A01902740A01916D /* libPods-RHSocketKitConnectionDemo.a in Frameworks */ = {isa = PBXBuildFile; fileRef = 7B2D7A7ECC21CC2BE859BD81 /* libPods-RHSocketKitConnectionDemo.a */; };
		838F13311CAAD32400AE8BAF /* main.m in Sources */ = {isa = PBXBuildFile; fileRef = 838F13301CAAD32400AE8BAF /* main.m */; };
		838F13341CAAD32400AE8BAF /* AppDelegate.m in Sources */ = {isa = PBXBuildFile; fileRef = 838F13331CAAD32400AE8BAF /* AppDelegate.m */; };
		838F13371CAAD32500AE8BAF /* ViewController.m in Sources */ = {isa = PBXBuildFile; fileRef = 838F13361CAAD32500AE8BAF /* ViewController.m */; };
		838F133A1CAAD32500AE8BAF /* Main.storyboard in Resources */ = {isa = PBXBuildFile; fileRef = 838F13381CAAD32500AE8BAF /* Main.storyboard */; };
		838F133C1CAAD32500AE8BAF /* Assets.xcassets in Resources */ = {isa = PBXBuildFile; fileRef = 838F133B1CAAD32500AE8BAF /* Assets.xcassets */; };
		838F133F1CAAD32500AE8BAF /* LaunchScreen.storyboard in Resources */ = {isa = PBXBuildFile; fileRef = 838F133D1CAAD32500AE8BAF /* LaunchScreen.storyboard */; };
/* End PBXBuildFile section */

/* Begin PBXFileReference section */
		2435C47152A0749B7F58E25D /* Pods-RHSocketKitConnectionDemo.debug.xcconfig */ = {isa = PBXFileReference; includeInIndex = 1; lastKnownFileType = text.xcconfig; name = "Pods-RHSocketKitConnectionDemo.debug.xcconfig"; path = "Pods/Target Support Files/Pods-RHSocketKitConnectionDemo/Pods-RHSocketKitConnectionDemo.debug.xcconfig"; sourceTree = "<group>"; };
		7B2D7A7ECC21CC2BE859BD81 /* libPods-RHSocketKitConnectionDemo.a */ = {isa = PBXFileReference; explicitFileType = archive.ar; includeInIndex = 0; path = "libPods-RHSocketKitConnectionDemo.a"; sourceTree = BUILT_PRODUCTS_DIR; };
		838F132C1CAAD32400AE8BAF /* RHSocketKitConnectionDemo.app */ = {isa = PBXFileReference; explicitFileType = wrapper.application; includeInIndex = 0; path = RHSocketKitConnectionDemo.app; sourceTree = BUILT_PRODUCTS_DIR; };
		838F13301CAAD32400AE8BAF /* main.m */ = {isa = PBXFileReference; lastKnownFileType = sourcecode.c.objc; path = main.m; sourceTree = "<group>"; };
		838F13321CAAD32400AE8BAF /* AppDelegate.h */ = {isa = PBXFileReference; lastKnownFileType = sourcecode.c.h; path = AppDelegate.h; sourceTree = "<group>"; };
		838F13331CAAD32400AE8BAF /* AppDelegate.m */ = {isa = PBXFileReference; lastKnownFileType = sourcecode.c.objc; path = AppDelegate.m; sourceTree = "<group>"; };
		838F13351CAAD32500AE8BAF /* ViewController.h */ = {isa = PBXFileReference; lastKnownFileType = sourcecode.c.h; path = ViewController.h; sourceTree = "<group>"; };
		838F13361CAAD32500AE8BAF /* ViewController.m */ = {isa = PBXFileReference; lastKnownFileType = sourcecode.c.objc; path = ViewController.m; sourceTree = "<group>"; };
		838F13391CAAD32500AE8BAF /* Base */ = {isa = PBXFileReference; lastKnownFileType = file.storyboard; name = Base; path = Base.lproj/Main.storyboard; sourceTree = "<group>"; };
		838F133B1CAAD32500AE8BAF /* Assets.xcassets */ = {isa = PBXFileReference; lastKnownFileType = folder.assetcatalog; path = Assets.xcassets; sourceTree = "<group>"; };
		838F133E1CAAD32500AE8BAF /* Base */ = {isa = PBXFileReference; lastKnownFileType = file.storyboard; name = Base; path = Base.lproj/LaunchScreen.storyboard; sourceTree = "<group>"; };
		838F13401CAAD32500AE8BAF /* Info.plist */ = {isa = PBXFileReference; lastKnownFileType = text.plist.xml; path = Info.plist; sourceTree = "<group>"; };
		8EC604B5554D36AAEB13866A /* Pods-RHSocketKitConnectionDemo.release.xcconfig */ = {isa = PBXFileReference; includeInIndex = 1; lastKnownFileType = text.xcconfig; name = "Pods-RHSocketKitConnectionDemo.release.xcconfig"; path = "Pods/Target Support Files/Pods-RHSocketKitConnectionDemo/Pods-RHSocketKitConnectionDemo.release.xcconfig"; sourceTree = "<group>"; };
/* End PBXFileReference section */

/* Begin PBXFrameworksBuildPhase section */
		838F13291CAAD32400AE8BAF /* Frameworks */ = {
			isa = PBXFrameworksBuildPhase;
			buildActionMask = 2147483647;
			files = (
				3DB01D98A01902740A01916D /* libPods-RHSocketKitConnectionDemo.a in Frameworks */,
			);
			runOnlyForDeploymentPostprocessing = 0;
		};
/* End PBXFrameworksBuildPhase section */

/* Begin PBXGroup section */
		6535CE729AA2D30AB3B69612 /* Pods */ = {
			isa = PBXGroup;
			children = (
				2435C47152A0749B7F58E25D /* Pods-RHSocketKitConnectionDemo.debug.xcconfig */,
				8EC604B5554D36AAEB13866A /* Pods-RHSocketKitConnectionDemo.release.xcconfig */,
			);
			name = Pods;
			sourceTree = "<group>";
		};
		838F13231CAAD32400AE8BAF = {
			isa = PBXGroup;
			children = (
				838F132E1CAAD32400AE8BAF /* RHSocketKitConnectionDemo */,
				838F132D1CAAD32400AE8BAF /* Products */,
				6535CE729AA2D30AB3B69612 /* Pods */,
				E6DF32215488AE51E121055A /* Frameworks */,
			);
			sourceTree = "<group>";
		};
		838F132D1CAAD32400AE8BAF /* Products */ = {
			isa = PBXGroup;
			children = (
				838F132C1CAAD32400AE8BAF /* RHSocketKitConnectionDemo.app */,
			);
			name = Products;
			sourceTree = "<group>";
		};
		838F132E1CAAD32400AE8BAF /* RHSocketKitConnectionDemo */ = {
			isa = PBXGroup;
			children = (
				838F13321CAAD32400AE8BAF /* AppDelegate.h */,
				838F13331CAAD32400AE8BAF /* AppDelegate.m */,
				838F13351CAAD32500AE8BAF /* ViewController.h */,
				838F13361CAAD32500AE8BAF /* ViewController.m */,
				838F13381CAAD32500AE8BAF /* Main.storyboard */,
				838F133B1CAAD32500AE8BAF /* Assets.xcassets */,
				838F133D1CAAD32500AE8BAF /* LaunchScreen.storyboard */,
				838F13401CAAD32500AE8BAF /* Info.plist */,
				838F132F1CAAD32400AE8BAF /* Supporting Files */,
			);
			path = RHSocketKitConnectionDemo;
			sourceTree = "<group>";
		};
		838F132F1CAAD32400AE8BAF /* Supporting Files */ = {
			isa = PBXGroup;
			children = (
				838F13301CAAD32400AE8BAF /* main.m */,
			);
			name = "Supporting Files";
			sourceTree = "<group>";
		};
		E6DF32215488AE51E121055A /* Frameworks */ = {
			isa = PBXGroup;
			children = (
				7B2D7A7ECC21CC2BE859BD81 /* libPods-RHSocketKitConnectionDemo.a */,
			);
			name = Frameworks;
			sourceTree = "<group>";
		};
/* End PBXGroup section */

/* Begin PBXNativeTarget section */
		838F132B1CAAD32400AE8BAF /* RHSocketKitConnectionDemo */ = {
			isa = PBXNativeTarget;
			buildConfigurationList = 838F13431CAAD32500AE8BAF /* Build configuration list for PBXNativeTarget "RHSocketKitConnectionDemo" */;
			buildPhases = (
				E83AC46B877F9C116CD7DFDA /* 📦 Check Pods Manifest.lock */,
				838F13281CAAD32400AE8BAF /* Sources */,
				838F13291CAAD32400AE8BAF /* Frameworks */,
				838F132A1CAAD32400AE8BAF /* Resources */,
				7386DA87E130E28D811FD7CD /* 📦 Embed Pods Frameworks */,
				E7B67479102A01944A40D110 /* 📦 Copy Pods Resources */,
			);
			buildRules = (
			);
			dependencies = (
			);
			name = RHSocketKitConnectionDemo;
			productName = RHSocketKitConnectionDemo;
			productReference = 838F132C1CAAD32400AE8BAF /* RHSocketKitConnectionDemo.app */;
			productType = "com.apple.product-type.application";
		};
/* End PBXNativeTarget section */

/* Begin PBXProject section */
		838F13241CAAD32400AE8BAF /* Project object */ = {
			isa = PBXProject;
			attributes = {
				LastUpgradeCheck = 0720;
				ORGANIZATIONNAME = zhuruhong;
				TargetAttributes = {
					838F132B1CAAD32400AE8BAF = {
						CreatedOnToolsVersion = 7.2;
						DevelopmentTeam = 764XM498XX;
					};
				};
			};
			buildConfigurationList = 838F13271CAAD32400AE8BAF /* Build configuration list for PBXProject "RHSocketKitConnectionDemo" */;
			compatibilityVersion = "Xcode 3.2";
			developmentRegion = English;
			hasScannedForEncodings = 0;
			knownRegions = (
				en,
				Base,
			);
			mainGroup = 838F13231CAAD32400AE8BAF;
			productRefGroup = 838F132D1CAAD32400AE8BAF /* Products */;
			projectDirPath = "";
			projectRoot = "";
			targets = (
				838F132B1CAAD32400AE8BAF /* RHSocketKitConnectionDemo */,
			);
		};
/* End PBXProject section */

/* Begin PBXResourcesBuildPhase section */
		838F132A1CAAD32400AE8BAF /* Resources */ = {
			isa = PBXResourcesBuildPhase;
			buildActionMask = 2147483647;
			files = (
				838F133F1CAAD32500AE8BAF /* LaunchScreen.storyboard in Resources */,
				838F133C1CAAD32500AE8BAF /* Assets.xcassets in Resources */,
				838F133A1CAAD32500AE8BAF /* Main.storyboard in Resources */,
			);
			runOnlyForDeploymentPostprocessing = 0;
		};
/* End PBXResourcesBuildPhase section */

/* Begin PBXShellScriptBuildPhase section */
		7386DA87E130E28D811FD7CD /* 📦 Embed Pods Frameworks */ = {
			isa = PBXShellScriptBuildPhase;
			buildActionMask = 2147483647;
			files = (
			);
			inputPaths = (
			);
			name = "📦 Embed Pods Frameworks";
			outputPaths = (
			);
			runOnlyForDeploymentPostprocessing = 0;
			shellPath = /bin/sh;
			shellScript = "\"${SRCROOT}/Pods/Target Support Files/Pods-RHSocketKitConnectionDemo/Pods-RHSocketKitConnectionDemo-frameworks.sh\"\n";
			showEnvVarsInLog = 0;
		};
		E7B67479102A01944A40D110 /* 📦 Copy Pods Resources */ = {
			isa = PBXShellScriptBuildPhase;
			buildActionMask = 2147483647;
			files = (
			);
			inputPaths = (
			);
			name = "📦 Copy Pods Resources";
			outputPaths = (
			);
			runOnlyForDeploymentPostprocessing = 0;
			shellPath = /bin/sh;
			shellScript = "\"${SRCROOT}/Pods/Target Support Files/Pods-RHSocketKitConnectionDemo/Pods-RHSocketKitConnectionDemo-resources.sh\"\n";
			showEnvVarsInLog = 0;
		};
		E83AC46B877F9C116CD7DFDA /* 📦 Check Pods Manifest.lock */ = {
			isa = PBXShellScriptBuildPhase;
			buildActionMask = 2147483647;
			files = (
			);
			inputPaths = (
			);
			name = "📦 Check Pods Manifest.lock";
			outputPaths = (
			);
			runOnlyForDeploymentPostprocessing = 0;
			shellPath = /bin/sh;
			shellScript = "diff \"${PODS_ROOT}/../Podfile.lock\" \"${PODS_ROOT}/Manifest.lock\" > /dev/null\nif [[ $? != 0 ]] ; then\n    cat << EOM\nerror: The sandbox is not in sync with the Podfile.lock. Run 'pod install' or update your CocoaPods installation.\nEOM\n    exit 1\nfi\n";
			showEnvVarsInLog = 0;
		};
/* End PBXShellScriptBuildPhase section */

/* Begin PBXSourcesBuildPhase section */
		838F13281CAAD32400AE8BAF /* Sources */ = {
			isa = PBXSourcesBuildPhase;
			buildActionMask = 2147483647;
			files = (
				838F13371CAAD32500AE8BAF /* ViewController.m in Sources */,
				838F13341CAAD32400AE8BAF /* AppDelegate.m in Sources */,
				838F13311CAAD32400AE8BAF /* main.m in Sources */,
			);
			runOnlyForDeploymentPostprocessing = 0;
		};
/* End PBXSourcesBuildPhase section */

/* Begin PBXVariantGroup section */
		838F13381CAAD32500AE8BAF /* Main.storyboard */ = {
			isa = PBXVariantGroup;
			children = (
				838F13391CAAD32500AE8BAF /* Base */,
			);
			name = Main.storyboard;
			sourceTree = "<group>";
		};
		838F133D1CAAD32500AE8BAF /* LaunchScreen.storyboard */ = {
			isa = PBXVariantGroup;
			children = (
				838F133E1CAAD32500AE8BAF /* Base */,
			);
			name = LaunchScreen.storyboard;
			sourceTree = "<group>";
		};
/* End PBXVariantGroup section */

/* Begin XCBuildConfiguration section */
		838F13411CAAD32500AE8BAF /* Debug */ = {
			isa = XCBuildConfiguration;
			buildSettings = {
				ALWAYS_SEARCH_USER_PATHS = NO;
				CLANG_CXX_LANGUAGE_STANDARD = "gnu++0x";
				CLANG_CXX_LIBRARY = "libc++";
				CLANG_ENABLE_MODULES = YES;
				CLANG_ENABLE_OBJC_ARC = YES;
				CLANG_WARN_BOOL_CONVERSION = YES;
				CLANG_WARN_CONSTANT_CONVERSION = YES;
				CLANG_WARN_DIRECT_OBJC_ISA_USAGE = YES_ERROR;
				CLANG_WARN_EMPTY_BODY = YES;
				CLANG_WARN_ENUM_CONVERSION = YES;
				CLANG_WARN_INT_CONVERSION = YES;
				CLANG_WARN_OBJC_ROOT_CLASS = YES_ERROR;
				CLANG_WARN_UNREACHABLE_CODE = YES;
				CLANG_WARN__DUPLICATE_METHOD_MATCH = YES;
				"CODE_SIGN_IDENTITY[sdk=iphoneos*]" = "iPhone Developer";
				COPY_PHASE_STRIP = NO;
				DEBUG_INFORMATION_FORMAT = dwarf;
				ENABLE_STRICT_OBJC_MSGSEND = YES;
				ENABLE_TESTABILITY = YES;
				GCC_C_LANGUAGE_STANDARD = gnu99;
				GCC_DYNAMIC_NO_PIC = NO;
				GCC_NO_COMMON_BLOCKS = YES;
				GCC_OPTIMIZATION_LEVEL = 0;
				GCC_PREPROCESSOR_DEFINITIONS = (
					"DEBUG=1",
					"$(inherited)",
				);
				GCC_WARN_64_TO_32_BIT_CONVERSION = YES;
				GCC_WARN_ABOUT_RETURN_TYPE = YES_ERROR;
				GCC_WARN_UNDECLARED_SELECTOR = YES;
				GCC_WARN_UNINITIALIZED_AUTOS = YES_AGGRESSIVE;
				GCC_WARN_UNUSED_FUNCTION = YES;
				GCC_WARN_UNUSED_VARIABLE = YES;
				IPHONEOS_DEPLOYMENT_TARGET = 9.2;
				MTL_ENABLE_DEBUG_INFO = YES;
				ONLY_ACTIVE_ARCH = YES;
				SDKROOT = iphoneos;
				TARGETED_DEVICE_FAMILY = "1,2";
			};
			name = Debug;
		};
		838F13421CAAD32500AE8BAF /* Release */ = {
			isa = XCBuildConfiguration;
			buildSettings = {
				ALWAYS_SEARCH_USER_PATHS = NO;
				CLANG_CXX_LANGUAGE_STANDARD = "gnu++0x";
				CLANG_CXX_LIBRARY = "libc++";
				CLANG_ENABLE_MODULES = YES;
				CLANG_ENABLE_OBJC_ARC = YES;
				CLANG_WARN_BOOL_CONVERSION = YES;
				CLANG_WARN_CONSTANT_CONVERSION = YES;
				CLANG_WARN_DIRECT_OBJC_ISA_USAGE = YES_ERROR;
				CLANG_WARN_EMPTY_BODY = YES;
				CLANG_WARN_ENUM_CONVERSION = YES;
				CLANG_WARN_INT_CONVERSION = YES;
				CLANG_WARN_OBJC_ROOT_CLASS = YES_ERROR;
				CLANG_WARN_UNREACHABLE_CODE = YES;
				CLANG_WARN__DUPLICATE_METHOD_MATCH = YES;
				"CODE_SIGN_IDENTITY[sdk=iphoneos*]" = "iPhone Developer";
				COPY_PHASE_STRIP = NO;
				DEBUG_INFORMATION_FORMAT = "dwarf-with-dsym";
				ENABLE_NS_ASSERTIONS = NO;
				ENABLE_STRICT_OBJC_MSGSEND = YES;
				GCC_C_LANGUAGE_STANDARD = gnu99;
				GCC_NO_COMMON_BLOCKS = YES;
				GCC_WARN_64_TO_32_BIT_CONVERSION = YES;
				GCC_WARN_ABOUT_RETURN_TYPE = YES_ERROR;
				GCC_WARN_UNDECLARED_SELECTOR = YES;
				GCC_WARN_UNINITIALIZED_AUTOS = YES_AGGRESSIVE;
				GCC_WARN_UNUSED_FUNCTION = YES;
				GCC_WARN_UNUSED_VARIABLE = YES;
				IPHONEOS_DEPLOYMENT_TARGET = 9.2;
				MTL_ENABLE_DEBUG_INFO = NO;
				SDKROOT = iphoneos;
				TARGETED_DEVICE_FAMILY = "1,2";
				VALIDATE_PRODUCT = YES;
			};
			name = Release;
		};
		838F13441CAAD32500AE8BAF /* Debug */ = {
			isa = XCBuildConfiguration;
			baseConfigurationReference = 2435C47152A0749B7F58E25D /* Pods-RHSocketKitConnectionDemo.debug.xcconfig */;
			buildSettings = {
				ASSETCATALOG_COMPILER_APPICON_NAME = AppIcon;
				INFOPLIST_FILE = RHSocketKitConnectionDemo/Info.plist;
				LD_RUNPATH_SEARCH_PATHS = "$(inherited) @executable_path/Frameworks";
				PRODUCT_BUNDLE_IDENTIFIER = com.zrh.RHSocketKitConnectionDemo;
				PRODUCT_NAME = "$(TARGET_NAME)";
			};
			name = Debug;
		};
		838F13451CAAD32500AE8BAF /* Release */ = {
			isa = XCBuildConfiguration;
			baseConfigurationReference = 8EC604B5554D36AAEB13866A /* Pods-RHSocketKitConnectionDemo.release.xcconfig */;
			buildSettings = {
				ASSETCATALOG_COMPILER_APPICON_NAME = AppIcon;
				INFOPLIST_FILE = RHSocketKitConnectionDemo/Info.plist;
				LD_RUNPATH_SEARCH_PATHS = "$(inherited) @executable_path/Frameworks";
				PRODUCT_BUNDLE_IDENTIFIER = com.zrh.RHSocketKitConnectionDemo;
				PRODUCT_NAME = "$(TARGET_NAME)";
			};
			name = Release;
		};
/* End XCBuildConfiguration section */

/* Begin XCConfigurationList section */
		838F13271CAAD32400AE8BAF /* Build configuration list for PBXProject "RHSocketKitConnectionDemo" */ = {
			isa = XCConfigurationList;
			buildConfigurations = (
				838F13411CAAD32500AE8BAF /* Debug */,
				838F13421CAAD32500AE8BAF /* Release */,
			);
			defaultConfigurationIsVisible = 0;
			defaultConfigurationName = Release;
		};
		838F13431CAAD32500AE8BAF /* Build configuration list for PBXNativeTarget "RHSocketKitConnectionDemo" */ = {
			isa = XCConfigurationList;
			buildConfigurations = (
				838F13441CAAD32500AE8BAF /* Debug */,
				838F13451CAAD32500AE8BAF /* Release */,
			);
			defaultConfigurationIsVisible = 0;
			defaultConfigurationName = Release;
		};
/* End XCConfigurationList section */
	};
	rootObject = 838F13241CAAD32400AE8BAF /* Project object */;
}
