PODS:
  - CocoaAsyncSocket (7.4.2)
  - libextobjc/EXTScope (0.4.1):
    - libextobjc/RuntimeExtensions
  - libextobjc/RuntimeExtensions (0.4.1)
  - MSWeakTimer (1.1.0)

DEPENDENCIES:
  - CocoaAsyncSocket (~> 7.4.1)
  - libextobjc/EXTScope (~> 0.4.1)
  - MSWeakTimer (~> 1.1.0)

SPEC CHECKSUMS:
  CocoaAsyncSocket: f5783bdedd232d91b89769bc4b5a1580aed518ad
  libextobjc: a650fc1bf489a3d3a9bc2e621efa3e1006fc5471
  MSWeakTimer: 9426150f933b80ed3acf3f6d228e4b61f0e303c8

COCOAPODS: 0.39.0
