// !$*UTF8*$!
{
	archiveVersion = 1;
	classes = {
	};
	objectVersion = 46;
	objects = {

/* Begin PBXBuildFile section */
		831C2DF11CB3D70A0067FEEE /* main.m in Sources */ = {isa = PBXBuildFile; fileRef = 831C2DF01CB3D70A0067FEEE /* main.m */; };
		831C2DF41CB3D70A0067FEEE /* AppDelegate.m in Sources */ = {isa = PBXBuildFile; fileRef = 831C2DF31CB3D70A0067FEEE /* AppDelegate.m */; };
		831C2DF71CB3D70A0067FEEE /* ViewController.m in Sources */ = {isa = PBXBuildFile; fileRef = 831C2DF61CB3D70A0067FEEE /* ViewController.m */; };
		831C2DFA1CB3D70A0067FEEE /* Main.storyboard in Resources */ = {isa = PBXBuildFile; fileRef = 831C2DF81CB3D70A0067FEEE /* Main.storyboard */; };
		831C2DFC1CB3D70A0067FEEE /* Assets.xcassets in Resources */ = {isa = PBXBuildFile; fileRef = 831C2DFB1CB3D70A0067FEEE /* Assets.xcassets */; };
		831C2DFF1CB3D70A0067FEEE /* LaunchScreen.storyboard in Resources */ = {isa = PBXBuildFile; fileRef = 831C2DFD1CB3D70A0067FEEE /* LaunchScreen.storyboard */; };
		8A65252F2073C013A35153D3 /* libPods-RHSocketRpcSimpleDemo.a in Frameworks */ = {isa = PBXBuildFile; fileRef = 797085BB2F07D176AC984CB1 /* libPods-RHSocketRpcSimpleDemo.a */; };
/* End PBXBuildFile section */

/* Begin PBXFileReference section */
		797085BB2F07D176AC984CB1 /* libPods-RHSocketRpcSimpleDemo.a */ = {isa = PBXFileReference; explicitFileType = archive.ar; includeInIndex = 0; path = "libPods-RHSocketRpcSimpleDemo.a"; sourceTree = BUILT_PRODUCTS_DIR; };
		7C51A8FA285F793E88411875 /* Pods-RHSocketRpcSimpleDemo.debug.xcconfig */ = {isa = PBXFileReference; includeInIndex = 1; lastKnownFileType = text.xcconfig; name = "Pods-RHSocketRpcSimpleDemo.debug.xcconfig"; path = "Pods/Target Support Files/Pods-RHSocketRpcSimpleDemo/Pods-RHSocketRpcSimpleDemo.debug.xcconfig"; sourceTree = "<group>"; };
		831C2DEC1CB3D7090067FEEE /* RHSocketRpcSimpleDemo.app */ = {isa = PBXFileReference; explicitFileType = wrapper.application; includeInIndex = 0; path = RHSocketRpcSimpleDemo.app; sourceTree = BUILT_PRODUCTS_DIR; };
		831C2DF01CB3D70A0067FEEE /* main.m */ = {isa = PBXFileReference; lastKnownFileType = sourcecode.c.objc; path = main.m; sourceTree = "<group>"; };
		831C2DF21CB3D70A0067FEEE /* AppDelegate.h */ = {isa = PBXFileReference; lastKnownFileType = sourcecode.c.h; path = AppDelegate.h; sourceTree = "<group>"; };
		831C2DF31CB3D70A0067FEEE /* AppDelegate.m */ = {isa = PBXFileReference; lastKnownFileType = sourcecode.c.objc; path = AppDelegate.m; sourceTree = "<group>"; };
		831C2DF51CB3D70A0067FEEE /* ViewController.h */ = {isa = PBXFileReference; lastKnownFileType = sourcecode.c.h; path = ViewController.h; sourceTree = "<group>"; };
		831C2DF61CB3D70A0067FEEE /* ViewController.m */ = {isa = PBXFileReference; lastKnownFileType = sourcecode.c.objc; path = ViewController.m; sourceTree = "<group>"; };
		831C2DF91CB3D70A0067FEEE /* Base */ = {isa = PBXFileReference; lastKnownFileType = file.storyboard; name = Base; path = Base.lproj/Main.storyboard; sourceTree = "<group>"; };
		831C2DFB1CB3D70A0067FEEE /* Assets.xcassets */ = {isa = PBXFileReference; lastKnownFileType = folder.assetcatalog; path = Assets.xcassets; sourceTree = "<group>"; };
		831C2DFE1CB3D70A0067FEEE /* Base */ = {isa = PBXFileReference; lastKnownFileType = file.storyboard; name = Base; path = Base.lproj/LaunchScreen.storyboard; sourceTree = "<group>"; };
		831C2E001CB3D70A0067FEEE /* Info.plist */ = {isa = PBXFileReference; lastKnownFileType = text.plist.xml; path = Info.plist; sourceTree = "<group>"; };
		B2EFE50529236506113F1543 /* Pods-RHSocketRpcSimpleDemo.release.xcconfig */ = {isa = PBXFileReference; includeInIndex = 1; lastKnownFileType = text.xcconfig; name = "Pods-RHSocketRpcSimpleDemo.release.xcconfig"; path = "Pods/Target Support Files/Pods-RHSocketRpcSimpleDemo/Pods-RHSocketRpcSimpleDemo.release.xcconfig"; sourceTree = "<group>"; };
/* End PBXFileReference section */

/* Begin PBXFrameworksBuildPhase section */
		831C2DE91CB3D7090067FEEE /* Frameworks */ = {
			isa = PBXFrameworksBuildPhase;
			buildActionMask = 2147483647;
			files = (
				8A65252F2073C013A35153D3 /* libPods-RHSocketRpcSimpleDemo.a in Frameworks */,
			);
			runOnlyForDeploymentPostprocessing = 0;
		};
/* End PBXFrameworksBuildPhase section */

/* Begin PBXGroup section */
		11D9A15AE4295769BBDDF681 /* Frameworks */ = {
			isa = PBXGroup;
			children = (
				797085BB2F07D176AC984CB1 /* libPods-RHSocketRpcSimpleDemo.a */,
			);
			name = Frameworks;
			sourceTree = "<group>";
		};
		831C2DE31CB3D7090067FEEE = {
			isa = PBXGroup;
			children = (
				831C2DEE1CB3D70A0067FEEE /* RHSocketRpcSimpleDemo */,
				831C2DED1CB3D7090067FEEE /* Products */,
				F623311564DBEAFCFE636698 /* Pods */,
				11D9A15AE4295769BBDDF681 /* Frameworks */,
			);
			sourceTree = "<group>";
		};
		831C2DED1CB3D7090067FEEE /* Products */ = {
			isa = PBXGroup;
			children = (
				831C2DEC1CB3D7090067FEEE /* RHSocketRpcSimpleDemo.app */,
			);
			name = Products;
			sourceTree = "<group>";
		};
		831C2DEE1CB3D70A0067FEEE /* RHSocketRpcSimpleDemo */ = {
			isa = PBXGroup;
			children = (
				831C2DF21CB3D70A0067FEEE /* AppDelegate.h */,
				831C2DF31CB3D70A0067FEEE /* AppDelegate.m */,
				831C2DF51CB3D70A0067FEEE /* ViewController.h */,
				831C2DF61CB3D70A0067FEEE /* ViewController.m */,
				831C2DF81CB3D70A0067FEEE /* Main.storyboard */,
				831C2DFB1CB3D70A0067FEEE /* Assets.xcassets */,
				831C2DFD1CB3D70A0067FEEE /* LaunchScreen.storyboard */,
				831C2E001CB3D70A0067FEEE /* Info.plist */,
				831C2DEF1CB3D70A0067FEEE /* Supporting Files */,
			);
			path = RHSocketRpcSimpleDemo;
			sourceTree = "<group>";
		};
		831C2DEF1CB3D70A0067FEEE /* Supporting Files */ = {
			isa = PBXGroup;
			children = (
				831C2DF01CB3D70A0067FEEE /* main.m */,
			);
			name = "Supporting Files";
			sourceTree = "<group>";
		};
		F623311564DBEAFCFE636698 /* Pods */ = {
			isa = PBXGroup;
			children = (
				7C51A8FA285F793E88411875 /* Pods-RHSocketRpcSimpleDemo.debug.xcconfig */,
				B2EFE50529236506113F1543 /* Pods-RHSocketRpcSimpleDemo.release.xcconfig */,
			);
			name = Pods;
			sourceTree = "<group>";
		};
/* End PBXGroup section */

/* Begin PBXNativeTarget section */
		831C2DEB1CB3D7090067FEEE /* RHSocketRpcSimpleDemo */ = {
			isa = PBXNativeTarget;
			buildConfigurationList = 831C2E031CB3D70A0067FEEE /* Build configuration list for PBXNativeTarget "RHSocketRpcSimpleDemo" */;
			buildPhases = (
				4866EC73929A12E9D5EF379B /* 📦 Check Pods Manifest.lock */,
				831C2DE81CB3D7090067FEEE /* Sources */,
				831C2DE91CB3D7090067FEEE /* Frameworks */,
				831C2DEA1CB3D7090067FEEE /* Resources */,
				277E17BE42F32D4DB7359463 /* 📦 Embed Pods Frameworks */,
				7D7B40078052C74BC7BAF58A /* 📦 Copy Pods Resources */,
			);
			buildRules = (
			);
			dependencies = (
			);
			name = RHSocketRpcSimpleDemo;
			productName = RHSocketRpcSimpleDemo;
			productReference = 831C2DEC1CB3D7090067FEEE /* RHSocketRpcSimpleDemo.app */;
			productType = "com.apple.product-type.application";
		};
/* End PBXNativeTarget section */

/* Begin PBXProject section */
		831C2DE41CB3D7090067FEEE /* Project object */ = {
			isa = PBXProject;
			attributes = {
				LastUpgradeCheck = 0730;
				ORGANIZATIONNAME = zhuruhong;
				TargetAttributes = {
					831C2DEB1CB3D7090067FEEE = {
						CreatedOnToolsVersion = 7.3;
					};
				};
			};
			buildConfigurationList = 831C2DE71CB3D7090067FEEE /* Build configuration list for PBXProject "RHSocketRpcSimpleDemo" */;
			compatibilityVersion = "Xcode 3.2";
			developmentRegion = English;
			hasScannedForEncodings = 0;
			knownRegions = (
				en,
				Base,
			);
			mainGroup = 831C2DE31CB3D7090067FEEE;
			productRefGroup = 831C2DED1CB3D7090067FEEE /* Products */;
			projectDirPath = "";
			projectRoot = "";
			targets = (
				831C2DEB1CB3D7090067FEEE /* RHSocketRpcSimpleDemo */,
			);
		};
/* End PBXProject section */

/* Begin PBXResourcesBuildPhase section */
		831C2DEA1CB3D7090067FEEE /* Resources */ = {
			isa = PBXResourcesBuildPhase;
			buildActionMask = 2147483647;
			files = (
				831C2DFF1CB3D70A0067FEEE /* LaunchScreen.storyboard in Resources */,
				831C2DFC1CB3D70A0067FEEE /* Assets.xcassets in Resources */,
				831C2DFA1CB3D70A0067FEEE /* Main.storyboard in Resources */,
			);
			runOnlyForDeploymentPostprocessing = 0;
		};
/* End PBXResourcesBuildPhase section */

/* Begin PBXShellScriptBuildPhase section */
		277E17BE42F32D4DB7359463 /* 📦 Embed Pods Frameworks */ = {
			isa = PBXShellScriptBuildPhase;
			buildActionMask = 2147483647;
			files = (
			);
			inputPaths = (
			);
			name = "📦 Embed Pods Frameworks";
			outputPaths = (
			);
			runOnlyForDeploymentPostprocessing = 0;
			shellPath = /bin/sh;
			shellScript = "\"${SRCROOT}/Pods/Target Support Files/Pods-RHSocketRpcSimpleDemo/Pods-RHSocketRpcSimpleDemo-frameworks.sh\"\n";
			showEnvVarsInLog = 0;
		};
		4866EC73929A12E9D5EF379B /* 📦 Check Pods Manifest.lock */ = {
			isa = PBXShellScriptBuildPhase;
			buildActionMask = 2147483647;
			files = (
			);
			inputPaths = (
			);
			name = "📦 Check Pods Manifest.lock";
			outputPaths = (
			);
			runOnlyForDeploymentPostprocessing = 0;
			shellPath = /bin/sh;
			shellScript = "diff \"${PODS_ROOT}/../Podfile.lock\" \"${PODS_ROOT}/Manifest.lock\" > /dev/null\nif [[ $? != 0 ]] ; then\n    cat << EOM\nerror: The sandbox is not in sync with the Podfile.lock. Run 'pod install' or update your CocoaPods installation.\nEOM\n    exit 1\nfi\n";
			showEnvVarsInLog = 0;
		};
		7D7B40078052C74BC7BAF58A /* 📦 Copy Pods Resources */ = {
			isa = PBXShellScriptBuildPhase;
			buildActionMask = 2147483647;
			files = (
			);
			inputPaths = (
			);
			name = "📦 Copy Pods Resources";
			outputPaths = (
			);
			runOnlyForDeploymentPostprocessing = 0;
			shellPath = /bin/sh;
			shellScript = "\"${SRCROOT}/Pods/Target Support Files/Pods-RHSocketRpcSimpleDemo/Pods-RHSocketRpcSimpleDemo-resources.sh\"\n";
			showEnvVarsInLog = 0;
		};
/* End PBXShellScriptBuildPhase section */

/* Begin PBXSourcesBuildPhase section */
		831C2DE81CB3D7090067FEEE /* Sources */ = {
			isa = PBXSourcesBuildPhase;
			buildActionMask = 2147483647;
			files = (
				831C2DF71CB3D70A0067FEEE /* ViewController.m in Sources */,
				831C2DF41CB3D70A0067FEEE /* AppDelegate.m in Sources */,
				831C2DF11CB3D70A0067FEEE /* main.m in Sources */,
			);
			runOnlyForDeploymentPostprocessing = 0;
		};
/* End PBXSourcesBuildPhase section */

/* Begin PBXVariantGroup section */
		831C2DF81CB3D70A0067FEEE /* Main.storyboard */ = {
			isa = PBXVariantGroup;
			children = (
				831C2DF91CB3D70A0067FEEE /* Base */,
			);
			name = Main.storyboard;
			sourceTree = "<group>";
		};
		831C2DFD1CB3D70A0067FEEE /* LaunchScreen.storyboard */ = {
			isa = PBXVariantGroup;
			children = (
				831C2DFE1CB3D70A0067FEEE /* Base */,
			);
			name = LaunchScreen.storyboard;
			sourceTree = "<group>";
		};
/* End PBXVariantGroup section */

/* Begin XCBuildConfiguration section */
		831C2E011CB3D70A0067FEEE /* Debug */ = {
			isa = XCBuildConfiguration;
			buildSettings = {
				ALWAYS_SEARCH_USER_PATHS = NO;
				CLANG_ANALYZER_NONNULL = YES;
				CLANG_CXX_LANGUAGE_STANDARD = "gnu++0x";
				CLANG_CXX_LIBRARY = "libc++";
				CLANG_ENABLE_MODULES = YES;
				CLANG_ENABLE_OBJC_ARC = YES;
				CLANG_WARN_BOOL_CONVERSION = YES;
				CLANG_WARN_CONSTANT_CONVERSION = YES;
				CLANG_WARN_DIRECT_OBJC_ISA_USAGE = YES_ERROR;
				CLANG_WARN_EMPTY_BODY = YES;
				CLANG_WARN_ENUM_CONVERSION = YES;
				CLANG_WARN_INT_CONVERSION = YES;
				CLANG_WARN_OBJC_ROOT_CLASS = YES_ERROR;
				CLANG_WARN_UNREACHABLE_CODE = YES;
				CLANG_WARN__DUPLICATE_METHOD_MATCH = YES;
				"CODE_SIGN_IDENTITY[sdk=iphoneos*]" = "iPhone Developer";
				COPY_PHASE_STRIP = NO;
				DEBUG_INFORMATION_FORMAT = dwarf;
				ENABLE_STRICT_OBJC_MSGSEND = YES;
				ENABLE_TESTABILITY = YES;
				GCC_C_LANGUAGE_STANDARD = gnu99;
				GCC_DYNAMIC_NO_PIC = NO;
				GCC_NO_COMMON_BLOCKS = YES;
				GCC_OPTIMIZATION_LEVEL = 0;
				GCC_PREPROCESSOR_DEFINITIONS = (
					"DEBUG=1",
					"$(inherited)",
				);
				GCC_WARN_64_TO_32_BIT_CONVERSION = YES;
				GCC_WARN_ABOUT_RETURN_TYPE = YES_ERROR;
				GCC_WARN_UNDECLARED_SELECTOR = YES;
				GCC_WARN_UNINITIALIZED_AUTOS = YES_AGGRESSIVE;
				GCC_WARN_UNUSED_FUNCTION = YES;
				GCC_WARN_UNUSED_VARIABLE = YES;
				IPHONEOS_DEPLOYMENT_TARGET = 9.3;
				MTL_ENABLE_DEBUG_INFO = YES;
				ONLY_ACTIVE_ARCH = YES;
				SDKROOT = iphoneos;
				TARGETED_DEVICE_FAMILY = "1,2";
			};
			name = Debug;
		};
		831C2E021CB3D70A0067FEEE /* Release */ = {
			isa = XCBuildConfiguration;
			buildSettings = {
				ALWAYS_SEARCH_USER_PATHS = NO;
				CLANG_ANALYZER_NONNULL = YES;
				CLANG_CXX_LANGUAGE_STANDARD = "gnu++0x";
				CLANG_CXX_LIBRARY = "libc++";
				CLANG_ENABLE_MODULES = YES;
				CLANG_ENABLE_OBJC_ARC = YES;
				CLANG_WARN_BOOL_CONVERSION = YES;
				CLANG_WARN_CONSTANT_CONVERSION = YES;
				CLANG_WARN_DIRECT_OBJC_ISA_USAGE = YES_ERROR;
				CLANG_WARN_EMPTY_BODY = YES;
				CLANG_WARN_ENUM_CONVERSION = YES;
				CLANG_WARN_INT_CONVERSION = YES;
				CLANG_WARN_OBJC_ROOT_CLASS = YES_ERROR;
				CLANG_WARN_UNREACHABLE_CODE = YES;
				CLANG_WARN__DUPLICATE_METHOD_MATCH = YES;
				"CODE_SIGN_IDENTITY[sdk=iphoneos*]" = "iPhone Developer";
				COPY_PHASE_STRIP = NO;
				DEBUG_INFORMATION_FORMAT = "dwarf-with-dsym";
				ENABLE_NS_ASSERTIONS = NO;
				ENABLE_STRICT_OBJC_MSGSEND = YES;
				GCC_C_LANGUAGE_STANDARD = gnu99;
				GCC_NO_COMMON_BLOCKS = YES;
				GCC_WARN_64_TO_32_BIT_CONVERSION = YES;
				GCC_WARN_ABOUT_RETURN_TYPE = YES_ERROR;
				GCC_WARN_UNDECLARED_SELECTOR = YES;
				GCC_WARN_UNINITIALIZED_AUTOS = YES_AGGRESSIVE;
				GCC_WARN_UNUSED_FUNCTION = YES;
				GCC_WARN_UNUSED_VARIABLE = YES;
				IPHONEOS_DEPLOYMENT_TARGET = 9.3;
				MTL_ENABLE_DEBUG_INFO = NO;
				SDKROOT = iphoneos;
				TARGETED_DEVICE_FAMILY = "1,2";
				VALIDATE_PRODUCT = YES;
			};
			name = Release;
		};
		831C2E041CB3D70A0067FEEE /* Debug */ = {
			isa = XCBuildConfiguration;
			baseConfigurationReference = 7C51A8FA285F793E88411875 /* Pods-RHSocketRpcSimpleDemo.debug.xcconfig */;
			buildSettings = {
				ASSETCATALOG_COMPILER_APPICON_NAME = AppIcon;
				INFOPLIST_FILE = RHSocketRpcSimpleDemo/Info.plist;
				LD_RUNPATH_SEARCH_PATHS = "$(inherited) @executable_path/Frameworks";
				PRODUCT_BUNDLE_IDENTIFIER = com.RHSocketRpcSimpleDemo;
				PRODUCT_NAME = "$(TARGET_NAME)";
			};
			name = Debug;
		};
		831C2E051CB3D70A0067FEEE /* Release */ = {
			isa = XCBuildConfiguration;
			baseConfigurationReference = B2EFE50529236506113F1543 /* Pods-RHSocketRpcSimpleDemo.release.xcconfig */;
			buildSettings = {
				ASSETCATALOG_COMPILER_APPICON_NAME = AppIcon;
				INFOPLIST_FILE = RHSocketRpcSimpleDemo/Info.plist;
				LD_RUNPATH_SEARCH_PATHS = "$(inherited) @executable_path/Frameworks";
				PRODUCT_BUNDLE_IDENTIFIER = com.RHSocketRpcSimpleDemo;
				PRODUCT_NAME = "$(TARGET_NAME)";
			};
			name = Release;
		};
/* End XCBuildConfiguration section */

/* Begin XCConfigurationList section */
		831C2DE71CB3D7090067FEEE /* Build configuration list for PBXProject "RHSocketRpcSimpleDemo" */ = {
			isa = XCConfigurationList;
			buildConfigurations = (
				831C2E011CB3D70A0067FEEE /* Debug */,
				831C2E021CB3D70A0067FEEE /* Release */,
			);
			defaultConfigurationIsVisible = 0;
			defaultConfigurationName = Release;
		};
		831C2E031CB3D70A0067FEEE /* Build configuration list for PBXNativeTarget "RHSocketRpcSimpleDemo" */ = {
			isa = XCConfigurationList;
			buildConfigurations = (
				831C2E041CB3D70A0067FEEE /* Debug */,
				831C2E051CB3D70A0067FEEE /* Release */,
			);
			defaultConfigurationIsVisible = 0;
			defaultConfigurationName = Release;
		};
/* End XCConfigurationList section */
	};
	rootObject = 831C2DE41CB3D7090067FEEE /* Project object */;
}
