// !$*UTF8*$!
{
	archiveVersion = 1;
	classes = {
	};
	objectVersion = 46;
	objects = {

/* Begin PBXBuildFile section */
		0E22947B995CDA4E58E27B22 /* libPods-UdpEchoServerDemo.a in Frameworks */ = {isa = PBXBuildFile; fileRef = 3D25CBC5E7552AA5AEE5077C /* libPods-UdpEchoServerDemo.a */; };
		83B1CBED1D080339003DD77A /* AppDelegate.m in Sources */ = {isa = PBXBuildFile; fileRef = 83B1CBEC1D080339003DD77A /* AppDelegate.m */; };
		83B1CBF01D080339003DD77A /* main.m in Sources */ = {isa = PBXBuildFile; fileRef = 83B1CBEF1D080339003DD77A /* main.m */; };
		83B1CBF21D080339003DD77A /* Assets.xcassets in Resources */ = {isa = PBXBuildFile; fileRef = 83B1CBF11D080339003DD77A /* Assets.xcassets */; };
		83B1CBF51D080339003DD77A /* MainMenu.xib in Resources */ = {isa = PBXBuildFile; fileRef = 83B1CBF31D080339003DD77A /* MainMenu.xib */; };
/* End PBXBuildFile section */

/* Begin PBXFileReference section */
		3D25CBC5E7552AA5AEE5077C /* libPods-UdpEchoServerDemo.a */ = {isa = PBXFileReference; explicitFileType = archive.ar; includeInIndex = 0; path = "libPods-UdpEchoServerDemo.a"; sourceTree = BUILT_PRODUCTS_DIR; };
		83B1CBE81D080339003DD77A /* UdpEchoServerDemo.app */ = {isa = PBXFileReference; explicitFileType = wrapper.application; includeInIndex = 0; path = UdpEchoServerDemo.app; sourceTree = BUILT_PRODUCTS_DIR; };
		83B1CBEB1D080339003DD77A /* AppDelegate.h */ = {isa = PBXFileReference; lastKnownFileType = sourcecode.c.h; path = AppDelegate.h; sourceTree = "<group>"; };
		83B1CBEC1D080339003DD77A /* AppDelegate.m */ = {isa = PBXFileReference; lastKnownFileType = sourcecode.c.objc; path = AppDelegate.m; sourceTree = "<group>"; };
		83B1CBEF1D080339003DD77A /* main.m */ = {isa = PBXFileReference; lastKnownFileType = sourcecode.c.objc; path = main.m; sourceTree = "<group>"; };
		83B1CBF11D080339003DD77A /* Assets.xcassets */ = {isa = PBXFileReference; lastKnownFileType = folder.assetcatalog; path = Assets.xcassets; sourceTree = "<group>"; };
		83B1CBF41D080339003DD77A /* Base */ = {isa = PBXFileReference; lastKnownFileType = file.xib; name = Base; path = Base.lproj/MainMenu.xib; sourceTree = "<group>"; };
		83B1CBF61D080339003DD77A /* Info.plist */ = {isa = PBXFileReference; lastKnownFileType = text.plist.xml; path = Info.plist; sourceTree = "<group>"; };
		93B00FA7A875462C3D729ED3 /* Pods-UdpEchoServerDemo.debug.xcconfig */ = {isa = PBXFileReference; includeInIndex = 1; lastKnownFileType = text.xcconfig; name = "Pods-UdpEchoServerDemo.debug.xcconfig"; path = "../Pods/Target Support Files/Pods-UdpEchoServerDemo/Pods-UdpEchoServerDemo.debug.xcconfig"; sourceTree = "<group>"; };
		EF6241AFB22796B3117ADE7E /* Pods-UdpEchoServerDemo.release.xcconfig */ = {isa = PBXFileReference; includeInIndex = 1; lastKnownFileType = text.xcconfig; name = "Pods-UdpEchoServerDemo.release.xcconfig"; path = "../Pods/Target Support Files/Pods-UdpEchoServerDemo/Pods-UdpEchoServerDemo.release.xcconfig"; sourceTree = "<group>"; };
/* End PBXFileReference section */

/* Begin PBXFrameworksBuildPhase section */
		83B1CBE51D080339003DD77A /* Frameworks */ = {
			isa = PBXFrameworksBuildPhase;
			buildActionMask = 2147483647;
			files = (
				0E22947B995CDA4E58E27B22 /* libPods-UdpEchoServerDemo.a in Frameworks */,
			);
			runOnlyForDeploymentPostprocessing = 0;
		};
/* End PBXFrameworksBuildPhase section */

/* Begin PBXGroup section */
		173C69F537E475628C151E9D /* Frameworks */ = {
			isa = PBXGroup;
			children = (
				3D25CBC5E7552AA5AEE5077C /* libPods-UdpEchoServerDemo.a */,
			);
			name = Frameworks;
			sourceTree = "<group>";
		};
		83B1CBDF1D080339003DD77A = {
			isa = PBXGroup;
			children = (
				83B1CBEA1D080339003DD77A /* UdpEchoServerDemo */,
				83B1CBE91D080339003DD77A /* Products */,
				F7CD6F076BFE084A63076781 /* Pods */,
				173C69F537E475628C151E9D /* Frameworks */,
			);
			sourceTree = "<group>";
		};
		83B1CBE91D080339003DD77A /* Products */ = {
			isa = PBXGroup;
			children = (
				83B1CBE81D080339003DD77A /* UdpEchoServerDemo.app */,
			);
			name = Products;
			sourceTree = "<group>";
		};
		83B1CBEA1D080339003DD77A /* UdpEchoServerDemo */ = {
			isa = PBXGroup;
			children = (
				83B1CBEB1D080339003DD77A /* AppDelegate.h */,
				83B1CBEC1D080339003DD77A /* AppDelegate.m */,
				83B1CBF11D080339003DD77A /* Assets.xcassets */,
				83B1CBF31D080339003DD77A /* MainMenu.xib */,
				83B1CBF61D080339003DD77A /* Info.plist */,
				83B1CBEE1D080339003DD77A /* Supporting Files */,
			);
			path = UdpEchoServerDemo;
			sourceTree = "<group>";
		};
		83B1CBEE1D080339003DD77A /* Supporting Files */ = {
			isa = PBXGroup;
			children = (
				83B1CBEF1D080339003DD77A /* main.m */,
			);
			name = "Supporting Files";
			sourceTree = "<group>";
		};
		F7CD6F076BFE084A63076781 /* Pods */ = {
			isa = PBXGroup;
			children = (
				93B00FA7A875462C3D729ED3 /* Pods-UdpEchoServerDemo.debug.xcconfig */,
				EF6241AFB22796B3117ADE7E /* Pods-UdpEchoServerDemo.release.xcconfig */,
			);
			name = Pods;
			sourceTree = "<group>";
		};
/* End PBXGroup section */

/* Begin PBXNativeTarget section */
		83B1CBE71D080339003DD77A /* UdpEchoServerDemo */ = {
			isa = PBXNativeTarget;
			buildConfigurationList = 83B1CBF91D080339003DD77A /* Build configuration list for PBXNativeTarget "UdpEchoServerDemo" */;
			buildPhases = (
				4B75555B550918D4EE5696AD /* [CP] Check Pods Manifest.lock */,
				83B1CBE41D080339003DD77A /* Sources */,
				83B1CBE51D080339003DD77A /* Frameworks */,
				83B1CBE61D080339003DD77A /* Resources */,
				020C813CF1ECD42EDFC5675A /* [CP] Embed Pods Frameworks */,
				4FC818259D04B818B7AA7102 /* [CP] Copy Pods Resources */,
			);
			buildRules = (
			);
			dependencies = (
			);
			name = UdpEchoServerDemo;
			productName = UdpEchoServerDemo;
			productReference = 83B1CBE81D080339003DD77A /* UdpEchoServerDemo.app */;
			productType = "com.apple.product-type.application";
		};
/* End PBXNativeTarget section */

/* Begin PBXProject section */
		83B1CBE01D080339003DD77A /* Project object */ = {
			isa = PBXProject;
			attributes = {
				LastUpgradeCheck = 0730;
				ORGANIZATIONNAME = zhuruhong;
				TargetAttributes = {
					83B1CBE71D080339003DD77A = {
						CreatedOnToolsVersion = 7.3.1;
					};
				};
			};
			buildConfigurationList = 83B1CBE31D080339003DD77A /* Build configuration list for PBXProject "UdpEchoServerDemo" */;
			compatibilityVersion = "Xcode 3.2";
			developmentRegion = English;
			hasScannedForEncodings = 0;
			knownRegions = (
				en,
				Base,
			);
			mainGroup = 83B1CBDF1D080339003DD77A;
			productRefGroup = 83B1CBE91D080339003DD77A /* Products */;
			projectDirPath = "";
			projectRoot = "";
			targets = (
				83B1CBE71D080339003DD77A /* UdpEchoServerDemo */,
			);
		};
/* End PBXProject section */

/* Begin PBXResourcesBuildPhase section */
		83B1CBE61D080339003DD77A /* Resources */ = {
			isa = PBXResourcesBuildPhase;
			buildActionMask = 2147483647;
			files = (
				83B1CBF21D080339003DD77A /* Assets.xcassets in Resources */,
				83B1CBF51D080339003DD77A /* MainMenu.xib in Resources */,
			);
			runOnlyForDeploymentPostprocessing = 0;
		};
/* End PBXResourcesBuildPhase section */

/* Begin PBXShellScriptBuildPhase section */
		020C813CF1ECD42EDFC5675A /* [CP] Embed Pods Frameworks */ = {
			isa = PBXShellScriptBuildPhase;
			buildActionMask = 2147483647;
			files = (
			);
			inputPaths = (
			);
			name = "[CP] Embed Pods Frameworks";
			outputPaths = (
			);
			runOnlyForDeploymentPostprocessing = 0;
			shellPath = /bin/sh;
			shellScript = "\"${SRCROOT}/../Pods/Target Support Files/Pods-UdpEchoServerDemo/Pods-UdpEchoServerDemo-frameworks.sh\"\n";
			showEnvVarsInLog = 0;
		};
		4B75555B550918D4EE5696AD /* [CP] Check Pods Manifest.lock */ = {
			isa = PBXShellScriptBuildPhase;
			buildActionMask = 2147483647;
			files = (
			);
			inputPaths = (
			);
			name = "[CP] Check Pods Manifest.lock";
			outputPaths = (
			);
			runOnlyForDeploymentPostprocessing = 0;
			shellPath = /bin/sh;
			shellScript = "diff \"${PODS_PODFILE_DIR_PATH}/Podfile.lock\" \"${PODS_ROOT}/Manifest.lock\" > /dev/null\nif [ $? != 0 ] ; then\n    # print error to STDERR\n    echo \"error: The sandbox is not in sync with the Podfile.lock. Run 'pod install' or update your CocoaPods installation.\" >&2\n    exit 1\nfi\n";
			showEnvVarsInLog = 0;
		};
		4FC818259D04B818B7AA7102 /* [CP] Copy Pods Resources */ = {
			isa = PBXShellScriptBuildPhase;
			buildActionMask = 2147483647;
			files = (
			);
			inputPaths = (
			);
			name = "[CP] Copy Pods Resources";
			outputPaths = (
			);
			runOnlyForDeploymentPostprocessing = 0;
			shellPath = /bin/sh;
			shellScript = "\"${SRCROOT}/../Pods/Target Support Files/Pods-UdpEchoServerDemo/Pods-UdpEchoServerDemo-resources.sh\"\n";
			showEnvVarsInLog = 0;
		};
/* End PBXShellScriptBuildPhase section */

/* Begin PBXSourcesBuildPhase section */
		83B1CBE41D080339003DD77A /* Sources */ = {
			isa = PBXSourcesBuildPhase;
			buildActionMask = 2147483647;
			files = (
				83B1CBF01D080339003DD77A /* main.m in Sources */,
				83B1CBED1D080339003DD77A /* AppDelegate.m in Sources */,
			);
			runOnlyForDeploymentPostprocessing = 0;
		};
/* End PBXSourcesBuildPhase section */

/* Begin PBXVariantGroup section */
		83B1CBF31D080339003DD77A /* MainMenu.xib */ = {
			isa = PBXVariantGroup;
			children = (
				83B1CBF41D080339003DD77A /* Base */,
			);
			name = MainMenu.xib;
			sourceTree = "<group>";
		};
/* End PBXVariantGroup section */

/* Begin XCBuildConfiguration section */
		83B1CBF71D080339003DD77A /* Debug */ = {
			isa = XCBuildConfiguration;
			buildSettings = {
				ALWAYS_SEARCH_USER_PATHS = NO;
				CLANG_ANALYZER_NONNULL = YES;
				CLANG_CXX_LANGUAGE_STANDARD = "gnu++0x";
				CLANG_CXX_LIBRARY = "libc++";
				CLANG_ENABLE_MODULES = YES;
				CLANG_ENABLE_OBJC_ARC = YES;
				CLANG_WARN_BOOL_CONVERSION = YES;
				CLANG_WARN_CONSTANT_CONVERSION = YES;
				CLANG_WARN_DIRECT_OBJC_ISA_USAGE = YES_ERROR;
				CLANG_WARN_EMPTY_BODY = YES;
				CLANG_WARN_ENUM_CONVERSION = YES;
				CLANG_WARN_INT_CONVERSION = YES;
				CLANG_WARN_OBJC_ROOT_CLASS = YES_ERROR;
				CLANG_WARN_UNREACHABLE_CODE = YES;
				CLANG_WARN__DUPLICATE_METHOD_MATCH = YES;
				CODE_SIGN_IDENTITY = "-";
				COPY_PHASE_STRIP = NO;
				DEBUG_INFORMATION_FORMAT = dwarf;
				ENABLE_STRICT_OBJC_MSGSEND = YES;
				ENABLE_TESTABILITY = YES;
				GCC_C_LANGUAGE_STANDARD = gnu99;
				GCC_DYNAMIC_NO_PIC = NO;
				GCC_NO_COMMON_BLOCKS = YES;
				GCC_OPTIMIZATION_LEVEL = 0;
				GCC_PREPROCESSOR_DEFINITIONS = (
					"DEBUG=1",
					"$(inherited)",
				);
				GCC_WARN_64_TO_32_BIT_CONVERSION = YES;
				GCC_WARN_ABOUT_RETURN_TYPE = YES_ERROR;
				GCC_WARN_UNDECLARED_SELECTOR = YES;
				GCC_WARN_UNINITIALIZED_AUTOS = YES_AGGRESSIVE;
				GCC_WARN_UNUSED_FUNCTION = YES;
				GCC_WARN_UNUSED_VARIABLE = YES;
				MACOSX_DEPLOYMENT_TARGET = 10.9;
				MTL_ENABLE_DEBUG_INFO = YES;
				ONLY_ACTIVE_ARCH = YES;
				SDKROOT = macosx;
			};
			name = Debug;
		};
		83B1CBF81D080339003DD77A /* Release */ = {
			isa = XCBuildConfiguration;
			buildSettings = {
				ALWAYS_SEARCH_USER_PATHS = NO;
				CLANG_ANALYZER_NONNULL = YES;
				CLANG_CXX_LANGUAGE_STANDARD = "gnu++0x";
				CLANG_CXX_LIBRARY = "libc++";
				CLANG_ENABLE_MODULES = YES;
				CLANG_ENABLE_OBJC_ARC = YES;
				CLANG_WARN_BOOL_CONVERSION = YES;
				CLANG_WARN_CONSTANT_CONVERSION = YES;
				CLANG_WARN_DIRECT_OBJC_ISA_USAGE = YES_ERROR;
				CLANG_WARN_EMPTY_BODY = YES;
				CLANG_WARN_ENUM_CONVERSION = YES;
				CLANG_WARN_INT_CONVERSION = YES;
				CLANG_WARN_OBJC_ROOT_CLASS = YES_ERROR;
				CLANG_WARN_UNREACHABLE_CODE = YES;
				CLANG_WARN__DUPLICATE_METHOD_MATCH = YES;
				CODE_SIGN_IDENTITY = "-";
				COPY_PHASE_STRIP = NO;
				DEBUG_INFORMATION_FORMAT = "dwarf-with-dsym";
				ENABLE_NS_ASSERTIONS = NO;
				ENABLE_STRICT_OBJC_MSGSEND = YES;
				GCC_C_LANGUAGE_STANDARD = gnu99;
				GCC_NO_COMMON_BLOCKS = YES;
				GCC_WARN_64_TO_32_BIT_CONVERSION = YES;
				GCC_WARN_ABOUT_RETURN_TYPE = YES_ERROR;
				GCC_WARN_UNDECLARED_SELECTOR = YES;
				GCC_WARN_UNINITIALIZED_AUTOS = YES_AGGRESSIVE;
				GCC_WARN_UNUSED_FUNCTION = YES;
				GCC_WARN_UNUSED_VARIABLE = YES;
				MACOSX_DEPLOYMENT_TARGET = 10.9;
				MTL_ENABLE_DEBUG_INFO = NO;
				SDKROOT = macosx;
			};
			name = Release;
		};
		83B1CBFA1D080339003DD77A /* Debug */ = {
			isa = XCBuildConfiguration;
			baseConfigurationReference = 93B00FA7A875462C3D729ED3 /* Pods-UdpEchoServerDemo.debug.xcconfig */;
			buildSettings = {
				ASSETCATALOG_COMPILER_APPICON_NAME = AppIcon;
				COMBINE_HIDPI_IMAGES = YES;
				INFOPLIST_FILE = UdpEchoServerDemo/Info.plist;
				LD_RUNPATH_SEARCH_PATHS = "$(inherited) @executable_path/../Frameworks";
				PRODUCT_BUNDLE_IDENTIFIER = com.UdpEchoServerDemo;
				PRODUCT_NAME = "$(TARGET_NAME)";
			};
			name = Debug;
		};
		83B1CBFB1D080339003DD77A /* Release */ = {
			isa = XCBuildConfiguration;
			baseConfigurationReference = EF6241AFB22796B3117ADE7E /* Pods-UdpEchoServerDemo.release.xcconfig */;
			buildSettings = {
				ASSETCATALOG_COMPILER_APPICON_NAME = AppIcon;
				COMBINE_HIDPI_IMAGES = YES;
				INFOPLIST_FILE = UdpEchoServerDemo/Info.plist;
				LD_RUNPATH_SEARCH_PATHS = "$(inherited) @executable_path/../Frameworks";
				PRODUCT_BUNDLE_IDENTIFIER = com.UdpEchoServerDemo;
				PRODUCT_NAME = "$(TARGET_NAME)";
			};
			name = Release;
		};
/* End XCBuildConfiguration section */

/* Begin XCConfigurationList section */
		83B1CBE31D080339003DD77A /* Build configuration list for PBXProject "UdpEchoServerDemo" */ = {
			isa = XCConfigurationList;
			buildConfigurations = (
				83B1CBF71D080339003DD77A /* Debug */,
				83B1CBF81D080339003DD77A /* Release */,
			);
			defaultConfigurationIsVisible = 0;
			defaultConfigurationName = Release;
		};
		83B1CBF91D080339003DD77A /* Build configuration list for PBXNativeTarget "UdpEchoServerDemo" */ = {
			isa = XCConfigurationList;
			buildConfigurations = (
				83B1CBFA1D080339003DD77A /* Debug */,
				83B1CBFB1D080339003DD77A /* Release */,
			);
			defaultConfigurationIsVisible = 0;
			defaultConfigurationName = Release;
		};
/* End XCConfigurationList section */
	};
	rootObject = 83B1CBE01D080339003DD77A /* Project object */;
}
